// !$*UTF8*$!
{
	archiveVersion = 1;
	classes = {
	};
	objectVersion = 46;
	objects = {

/* Begin PBXBuildFile section */
		AA3652C21B33847A001F514D /* User.swift in Sources */ = {isa = PBXBuildFile; fileRef = AA3652C11B33847A001F514D /* User.swift */; };
		AA3652C41B338525001F514D /* NotesViewController.swift in Sources */ = {isa = PBXBuildFile; fileRef = AA3652C31B338525001F514D /* NotesViewController.swift */; };
		AA3652C61B3396DC001F514D /* newnote.png in Resources */ = {isa = PBXBuildFile; fileRef = AA3652C51B3396DC001F514D /* newnote.png */; };
		AA3652C81B33A4AB001F514D /* newnote@2x.png in Resources */ = {isa = PBXBuildFile; fileRef = AA3652C71B33A4AB001F514D /* newnote@2x.png */; };
		AA3652CA1B348737001F514D /* DropDownTableView.swift in Sources */ = {isa = PBXBuildFile; fileRef = AA3652C91B348737001F514D /* DropDownTableView.swift */; };
		AA3652CC1B34A163001F514D /* Patient.swift in Sources */ = {isa = PBXBuildFile; fileRef = AA3652CB1B34A163001F514D /* Patient.swift */; };
		AA3652CE1B34A8E4001F514D /* UserDropDownCell.swift in Sources */ = {isa = PBXBuildFile; fileRef = AA3652CD1B34A8E4001F514D /* UserDropDownCell.swift */; };
		AA993E301B3316C10027804C /* LoginViewController.swift in Sources */ = {isa = PBXBuildFile; fileRef = AA993E2F1B3316C10027804C /* LoginViewController.swift */; };
		AABCEF8A1B3231910064FE49 /* AppDelegate.swift in Sources */ = {isa = PBXBuildFile; fileRef = AABCEF891B3231910064FE49 /* AppDelegate.swift */; };
		AABCEF8C1B3231910064FE49 /* ViewController.swift in Sources */ = {isa = PBXBuildFile; fileRef = AABCEF8B1B3231910064FE49 /* ViewController.swift */; };
		AABCEF8F1B3231910064FE49 /* Main.storyboard in Resources */ = {isa = PBXBuildFile; fileRef = AABCEF8D1B3231910064FE49 /* Main.storyboard */; };
		AABCEF911B3231910064FE49 /* Images.xcassets in Resources */ = {isa = PBXBuildFile; fileRef = AABCEF901B3231910064FE49 /* Images.xcassets */; };
		AABCEF941B3231910064FE49 /* LaunchScreen.xib in Resources */ = {isa = PBXBuildFile; fileRef = AABCEF921B3231910064FE49 /* LaunchScreen.xib */; };
		AABCEFA01B3231910064FE49 /* urchinTests.swift in Sources */ = {isa = PBXBuildFile; fileRef = AABCEF9F1B3231910064FE49 /* urchinTests.swift */; };
		AABCEFAC1B3232C60064FE49 /* NoteCell.swift in Sources */ = {isa = PBXBuildFile; fileRef = AABCEFAB1B3232C60064FE49 /* NoteCell.swift */; };
		AABCEFAE1B3234360064FE49 /* Note.swift in Sources */ = {isa = PBXBuildFile; fileRef = AABCEFAD1B3234360064FE49 /* Note.swift */; };
/* End PBXBuildFile section */

/* Begin PBXContainerItemProxy section */
		AABCEF9A1B3231910064FE49 /* PBXContainerItemProxy */ = {
			isa = PBXContainerItemProxy;
			containerPortal = AABCEF7C1B3231910064FE49 /* Project object */;
			proxyType = 1;
			remoteGlobalIDString = AABCEF831B3231910064FE49;
			remoteInfo = urchin;
		};
/* End PBXContainerItemProxy section */

/* Begin PBXFileReference section */
		AA3652C11B33847A001F514D /* User.swift */ = {isa = PBXFileReference; fileEncoding = 4; lastKnownFileType = sourcecode.swift; path = User.swift; sourceTree = "<group>"; };
		AA3652C31B338525001F514D /* NotesViewController.swift */ = {isa = PBXFileReference; fileEncoding = 4; lastKnownFileType = sourcecode.swift; path = NotesViewController.swift; sourceTree = "<group>"; };
		AA3652C51B3396DC001F514D /* newnote.png */ = {isa = PBXFileReference; lastKnownFileType = image.png; path = newnote.png; sourceTree = "<group>"; };
		AA3652C71B33A4AB001F514D /* newnote@2x.png */ = {isa = PBXFileReference; lastKnownFileType = image.png; path = "newnote@2x.png"; sourceTree = "<group>"; };
		AA3652C91B348737001F514D /* DropDownTableView.swift */ = {isa = PBXFileReference; fileEncoding = 4; lastKnownFileType = sourcecode.swift; path = DropDownTableView.swift; sourceTree = "<group>"; };
		AA3652CB1B34A163001F514D /* Patient.swift */ = {isa = PBXFileReference; fileEncoding = 4; lastKnownFileType = sourcecode.swift; path = Patient.swift; sourceTree = "<group>"; };
		AA3652CD1B34A8E4001F514D /* UserDropDownCell.swift */ = {isa = PBXFileReference; fileEncoding = 4; lastKnownFileType = sourcecode.swift; path = UserDropDownCell.swift; sourceTree = "<group>"; };
		AA993E2F1B3316C10027804C /* LoginViewController.swift */ = {isa = PBXFileReference; fileEncoding = 4; lastKnownFileType = sourcecode.swift; path = LoginViewController.swift; sourceTree = "<group>"; };
		AABCEF841B3231910064FE49 /* urchin.app */ = {isa = PBXFileReference; explicitFileType = wrapper.application; includeInIndex = 0; path = urchin.app; sourceTree = BUILT_PRODUCTS_DIR; };
		AABCEF881B3231910064FE49 /* Info.plist */ = {isa = PBXFileReference; lastKnownFileType = text.plist.xml; path = Info.plist; sourceTree = "<group>"; };
		AABCEF891B3231910064FE49 /* AppDelegate.swift */ = {isa = PBXFileReference; lastKnownFileType = sourcecode.swift; path = AppDelegate.swift; sourceTree = "<group>"; };
		AABCEF8B1B3231910064FE49 /* ViewController.swift */ = {isa = PBXFileReference; lastKnownFileType = sourcecode.swift; path = ViewController.swift; sourceTree = "<group>"; };
		AABCEF8E1B3231910064FE49 /* Base */ = {isa = PBXFileReference; lastKnownFileType = file.storyboard; name = Base; path = Base.lproj/Main.storyboard; sourceTree = "<group>"; };
		AABCEF901B3231910064FE49 /* Images.xcassets */ = {isa = PBXFileReference; lastKnownFileType = folder.assetcatalog; path = Images.xcassets; sourceTree = "<group>"; };
		AABCEF931B3231910064FE49 /* Base */ = {isa = PBXFileReference; lastKnownFileType = file.xib; name = Base; path = Base.lproj/LaunchScreen.xib; sourceTree = "<group>"; };
		AABCEF991B3231910064FE49 /* urchinTests.xctest */ = {isa = PBXFileReference; explicitFileType = wrapper.cfbundle; includeInIndex = 0; path = urchinTests.xctest; sourceTree = BUILT_PRODUCTS_DIR; };
		AABCEF9E1B3231910064FE49 /* Info.plist */ = {isa = PBXFileReference; lastKnownFileType = text.plist.xml; path = Info.plist; sourceTree = "<group>"; };
		AABCEF9F1B3231910064FE49 /* urchinTests.swift */ = {isa = PBXFileReference; lastKnownFileType = sourcecode.swift; path = urchinTests.swift; sourceTree = "<group>"; };
		AABCEFAB1B3232C60064FE49 /* NoteCell.swift */ = {isa = PBXFileReference; fileEncoding = 4; lastKnownFileType = sourcecode.swift; path = NoteCell.swift; sourceTree = "<group>"; };
		AABCEFAD1B3234360064FE49 /* Note.swift */ = {isa = PBXFileReference; fileEncoding = 4; lastKnownFileType = sourcecode.swift; path = Note.swift; sourceTree = "<group>"; };
/* End PBXFileReference section */

/* Begin PBXFrameworksBuildPhase section */
		AABCEF811B3231910064FE49 /* Frameworks */ = {
			isa = PBXFrameworksBuildPhase;
			buildActionMask = 2147483647;
			files = (
			);
			runOnlyForDeploymentPostprocessing = 0;
		};
		AABCEF961B3231910064FE49 /* Frameworks */ = {
			isa = PBXFrameworksBuildPhase;
			buildActionMask = 2147483647;
			files = (
			);
			runOnlyForDeploymentPostprocessing = 0;
		};
/* End PBXFrameworksBuildPhase section */

/* Begin PBXGroup section */
		AABCEF7B1B3231910064FE49 = {
			isa = PBXGroup;
			children = (
				AABCEF861B3231910064FE49 /* urchin */,
				AABCEF9C1B3231910064FE49 /* urchinTests */,
				AABCEF851B3231910064FE49 /* Products */,
			);
			sourceTree = "<group>";
		};
		AABCEF851B3231910064FE49 /* Products */ = {
			isa = PBXGroup;
			children = (
				AABCEF841B3231910064FE49 /* urchin.app */,
				AABCEF991B3231910064FE49 /* urchinTests.xctest */,
			);
			name = Products;
			sourceTree = "<group>";
		};
		AABCEF861B3231910064FE49 /* urchin */ = {
			isa = PBXGroup;
			children = (
				AABCEF891B3231910064FE49 /* AppDelegate.swift */,
				AABCEF8B1B3231910064FE49 /* ViewController.swift */,
				AABCEF8D1B3231910064FE49 /* Main.storyboard */,
				AABCEF901B3231910064FE49 /* Images.xcassets */,
				AABCEF921B3231910064FE49 /* LaunchScreen.xib */,
				AABCEF871B3231910064FE49 /* Supporting Files */,
				AABCEFAD1B3234360064FE49 /* Note.swift */,
				AA3652CD1B34A8E4001F514D /* UserDropDownCell.swift */,
				AABCEFAB1B3232C60064FE49 /* NoteCell.swift */,
				AA993E2F1B3316C10027804C /* LoginViewController.swift */,
				AA3652C11B33847A001F514D /* User.swift */,
				AA3652CB1B34A163001F514D /* Patient.swift */,
				AA3652C31B338525001F514D /* NotesViewController.swift */,
				AA3652C51B3396DC001F514D /* newnote.png */,
				AA3652C71B33A4AB001F514D /* newnote@2x.png */,
				AA3652C91B348737001F514D /* DropDownTableView.swift */,
			);
			path = urchin;
			sourceTree = "<group>";
		};
		AABCEF871B3231910064FE49 /* Supporting Files */ = {
			isa = PBXGroup;
			children = (
				AABCEF881B3231910064FE49 /* Info.plist */,
			);
			name = "Supporting Files";
			sourceTree = "<group>";
		};
		AABCEF9C1B3231910064FE49 /* urchinTests */ = {
			isa = PBXGroup;
			children = (
				AABCEF9F1B3231910064FE49 /* urchinTests.swift */,
				AABCEF9D1B3231910064FE49 /* Supporting Files */,
			);
			path = urchinTests;
			sourceTree = "<group>";
		};
		AABCEF9D1B3231910064FE49 /* Supporting Files */ = {
			isa = PBXGroup;
			children = (
				AABCEF9E1B3231910064FE49 /* Info.plist */,
			);
			name = "Supporting Files";
			sourceTree = "<group>";
		};
/* End PBXGroup section */

/* Begin PBXNativeTarget section */
		AABCEF831B3231910064FE49 /* urchin */ = {
			isa = PBXNativeTarget;
			buildConfigurationList = AABCEFA31B3231910064FE49 /* Build configuration list for PBXNativeTarget "urchin" */;
			buildPhases = (
				AABCEF801B3231910064FE49 /* Sources */,
				AABCEF811B3231910064FE49 /* Frameworks */,
				AABCEF821B3231910064FE49 /* Resources */,
			);
			buildRules = (
			);
			dependencies = (
			);
			name = urchin;
			productName = urchin;
			productReference = AABCEF841B3231910064FE49 /* urchin.app */;
			productType = "com.apple.product-type.application";
		};
		AABCEF981B3231910064FE49 /* urchinTests */ = {
			isa = PBXNativeTarget;
			buildConfigurationList = AABCEFA61B3231910064FE49 /* Build configuration list for PBXNativeTarget "urchinTests" */;
			buildPhases = (
				AABCEF951B3231910064FE49 /* Sources */,
				AABCEF961B3231910064FE49 /* Frameworks */,
				AABCEF971B3231910064FE49 /* Resources */,
			);
			buildRules = (
			);
			dependencies = (
				AABCEF9B1B3231910064FE49 /* PBXTargetDependency */,
			);
			name = urchinTests;
			productName = urchinTests;
			productReference = AABCEF991B3231910064FE49 /* urchinTests.xctest */;
			productType = "com.apple.product-type.bundle.unit-test";
		};
/* End PBXNativeTarget section */

/* Begin PBXProject section */
		AABCEF7C1B3231910064FE49 /* Project object */ = {
			isa = PBXProject;
			attributes = {
				LastUpgradeCheck = 0630;
				ORGANIZATIONNAME = Tidepool;
				TargetAttributes = {
					AABCEF831B3231910064FE49 = {
						CreatedOnToolsVersion = 6.3.2;
					};
					AABCEF981B3231910064FE49 = {
						CreatedOnToolsVersion = 6.3.2;
						TestTargetID = AABCEF831B3231910064FE49;
					};
				};
			};
			buildConfigurationList = AABCEF7F1B3231910064FE49 /* Build configuration list for PBXProject "urchin" */;
			compatibilityVersion = "Xcode 3.2";
			developmentRegion = English;
			hasScannedForEncodings = 0;
			knownRegions = (
				en,
				Base,
			);
			mainGroup = AABCEF7B1B3231910064FE49;
			productRefGroup = AABCEF851B3231910064FE49 /* Products */;
			projectDirPath = "";
			projectRoot = "";
			targets = (
				AABCEF831B3231910064FE49 /* urchin */,
				AABCEF981B3231910064FE49 /* urchinTests */,
			);
		};
/* End PBXProject section */

/* Begin PBXResourcesBuildPhase section */
		AABCEF821B3231910064FE49 /* Resources */ = {
			isa = PBXResourcesBuildPhase;
			buildActionMask = 2147483647;
			files = (
				AABCEF8F1B3231910064FE49 /* Main.storyboard in Resources */,
				AA3652C81B33A4AB001F514D /* newnote@2x.png in Resources */,
				AABCEF941B3231910064FE49 /* LaunchScreen.xib in Resources */,
				AA3652C61B3396DC001F514D /* newnote.png in Resources */,
				AABCEF911B3231910064FE49 /* Images.xcassets in Resources */,
			);
			runOnlyForDeploymentPostprocessing = 0;
		};
		AABCEF971B3231910064FE49 /* Resources */ = {
			isa = PBXResourcesBuildPhase;
			buildActionMask = 2147483647;
			files = (
			);
			runOnlyForDeploymentPostprocessing = 0;
		};
/* End PBXResourcesBuildPhase section */

/* Begin PBXSourcesBuildPhase section */
		AABCEF801B3231910064FE49 /* Sources */ = {
			isa = PBXSourcesBuildPhase;
			buildActionMask = 2147483647;
			files = (
				AA993E301B3316C10027804C /* LoginViewController.swift in Sources */,
				AABCEFAE1B3234360064FE49 /* Note.swift in Sources */,
				AA3652CC1B34A163001F514D /* Patient.swift in Sources */,
				AA3652CE1B34A8E4001F514D /* UserDropDownCell.swift in Sources */,
				AABCEF8C1B3231910064FE49 /* ViewController.swift in Sources */,
				AABCEF8A1B3231910064FE49 /* AppDelegate.swift in Sources */,
				AA3652C41B338525001F514D /* NotesViewController.swift in Sources */,
				AA3652CA1B348737001F514D /* DropDownTableView.swift in Sources */,
				AABCEFAC1B3232C60064FE49 /* NoteCell.swift in Sources */,
				AA3652C21B33847A001F514D /* User.swift in Sources */,
			);
			runOnlyForDeploymentPostprocessing = 0;
		};
		AABCEF951B3231910064FE49 /* Sources */ = {
			isa = PBXSourcesBuildPhase;
			buildActionMask = 2147483647;
			files = (
				AABCEFA01B3231910064FE49 /* urchinTests.swift in Sources */,
			);
			runOnlyForDeploymentPostprocessing = 0;
		};
/* End PBXSourcesBuildPhase section */

/* Begin PBXTargetDependency section */
		AABCEF9B1B3231910064FE49 /* PBXTargetDependency */ = {
			isa = PBXTargetDependency;
			target = AABCEF831B3231910064FE49 /* urchin */;
			targetProxy = AABCEF9A1B3231910064FE49 /* PBXContainerItemProxy */;
		};
/* End PBXTargetDependency section */

/* Begin PBXVariantGroup section */
		AABCEF8D1B3231910064FE49 /* Main.storyboard */ = {
			isa = PBXVariantGroup;
			children = (
				AABCEF8E1B3231910064FE49 /* Base */,
			);
			name = Main.storyboard;
			sourceTree = "<group>";
		};
		AABCEF921B3231910064FE49 /* LaunchScreen.xib */ = {
			isa = PBXVariantGroup;
			children = (
				AABCEF931B3231910064FE49 /* Base */,
			);
			name = LaunchScreen.xib;
			sourceTree = "<group>";
		};
/* End PBXVariantGroup section */

/* Begin XCBuildConfiguration section */
		AABCEFA11B3231910064FE49 /* Debug */ = {
			isa = XCBuildConfiguration;
			buildSettings = {
				ALWAYS_SEARCH_USER_PATHS = NO;
				CLANG_CXX_LANGUAGE_STANDARD = "gnu++0x";
				CLANG_CXX_LIBRARY = "libc++";
				CLANG_ENABLE_MODULES = YES;
				CLANG_ENABLE_OBJC_ARC = YES;
				CLANG_WARN_BOOL_CONVERSION = YES;
				CLANG_WARN_CONSTANT_CONVERSION = YES;
				CLANG_WARN_DIRECT_OBJC_ISA_USAGE = YES_ERROR;
				CLANG_WARN_EMPTY_BODY = YES;
				CLANG_WARN_ENUM_CONVERSION = YES;
				CLANG_WARN_INT_CONVERSION = YES;
				CLANG_WARN_OBJC_ROOT_CLASS = YES_ERROR;
				CLANG_WARN_UNREACHABLE_CODE = YES;
				CLANG_WARN__DUPLICATE_METHOD_MATCH = YES;
				"CODE_SIGN_IDENTITY[sdk=iphoneos*]" = "iPhone Developer";
				COPY_PHASE_STRIP = NO;
				DEBUG_INFORMATION_FORMAT = "dwarf-with-dsym";
				ENABLE_STRICT_OBJC_MSGSEND = YES;
				GCC_C_LANGUAGE_STANDARD = gnu99;
				GCC_DYNAMIC_NO_PIC = NO;
				GCC_NO_COMMON_BLOCKS = YES;
				GCC_OPTIMIZATION_LEVEL = 0;
				GCC_PREPROCESSOR_DEFINITIONS = (
					"DEBUG=1",
					"$(inherited)",
				);
				GCC_SYMBOLS_PRIVATE_EXTERN = NO;
				GCC_WARN_64_TO_32_BIT_CONVERSION = YES;
				GCC_WARN_ABOUT_RETURN_TYPE = YES_ERROR;
				GCC_WARN_UNDECLARED_SELECTOR = YES;
				GCC_WARN_UNINITIALIZED_AUTOS = YES_AGGRESSIVE;
				GCC_WARN_UNUSED_FUNCTION = YES;
				GCC_WARN_UNUSED_VARIABLE = YES;
				IPHONEOS_DEPLOYMENT_TARGET = 8.3;
				MTL_ENABLE_DEBUG_INFO = YES;
				ONLY_ACTIVE_ARCH = YES;
				SDKROOT = iphoneos;
				SWIFT_OPTIMIZATION_LEVEL = "-Onone";
				TARGETED_DEVICE_FAMILY = "1,2";
			};
			name = Debug;
		};
		AABCEFA21B3231910064FE49 /* Release */ = {
			isa = XCBuildConfiguration;
			buildSettings = {
				ALWAYS_SEARCH_USER_PATHS = NO;
				CLANG_CXX_LANGUAGE_STANDARD = "gnu++0x";
				CLANG_CXX_LIBRARY = "libc++";
				CLANG_ENABLE_MODULES = YES;
				CLANG_ENABLE_OBJC_ARC = YES;
				CLANG_WARN_BOOL_CONVERSION = YES;
				CLANG_WARN_CONSTANT_CONVERSION = YES;
				CLANG_WARN_DIRECT_OBJC_ISA_USAGE = YES_ERROR;
				CLANG_WARN_EMPTY_BODY = YES;
				CLANG_WARN_ENUM_CONVERSION = YES;
				CLANG_WARN_INT_CONVERSION = YES;
				CLANG_WARN_OBJC_ROOT_CLASS = YES_ERROR;
				CLANG_WARN_UNREACHABLE_CODE = YES;
				CLANG_WARN__DUPLICATE_METHOD_MATCH = YES;
				"CODE_SIGN_IDENTITY[sdk=iphoneos*]" = "iPhone Developer";
				COPY_PHASE_STRIP = NO;
				DEBUG_INFORMATION_FORMAT = "dwarf-with-dsym";
				ENABLE_NS_ASSERTIONS = NO;
				ENABLE_STRICT_OBJC_MSGSEND = YES;
				GCC_C_LANGUAGE_STANDARD = gnu99;
				GCC_NO_COMMON_BLOCKS = YES;
				GCC_WARN_64_TO_32_BIT_CONVERSION = YES;
				GCC_WARN_ABOUT_RETURN_TYPE = YES_ERROR;
				GCC_WARN_UNDECLARED_SELECTOR = YES;
				GCC_WARN_UNINITIALIZED_AUTOS = YES_AGGRESSIVE;
				GCC_WARN_UNUSED_FUNCTION = YES;
				GCC_WARN_UNUSED_VARIABLE = YES;
				IPHONEOS_DEPLOYMENT_TARGET = 8.3;
				MTL_ENABLE_DEBUG_INFO = NO;
				SDKROOT = iphoneos;
				TARGETED_DEVICE_FAMILY = "1,2";
				VALIDATE_PRODUCT = YES;
			};
			name = Release;
		};
		AABCEFA41B3231910064FE49 /* Debug */ = {
			isa = XCBuildConfiguration;
			buildSettings = {
				ASSETCATALOG_COMPILER_APPICON_NAME = AppIcon;
				INFOPLIST_FILE = urchin/Info.plist;
				LD_RUNPATH_SEARCH_PATHS = "$(inherited) @executable_path/Frameworks";
				PRODUCT_NAME = "$(TARGET_NAME)";
			};
			name = Debug;
		};
		AABCEFA51B3231910064FE49 /* Release */ = {
			isa = XCBuildConfiguration;
			buildSettings = {
				ASSETCATALOG_COMPILER_APPICON_NAME = AppIcon;
				INFOPLIST_FILE = urchin/Info.plist;
				LD_RUNPATH_SEARCH_PATHS = "$(inherited) @executable_path/Frameworks";
				PRODUCT_NAME = "$(TARGET_NAME)";
			};
			name = Release;
		};
		AABCEFA71B3231910064FE49 /* Debug */ = {
			isa = XCBuildConfiguration;
			buildSettings = {
				BUNDLE_LOADER = "$(TEST_HOST)";
				FRAMEWORK_SEARCH_PATHS = (
					"$(SDKROOT)/Developer/Library/Frameworks",
					"$(inherited)",
				);
				GCC_PREPROCESSOR_DEFINITIONS = (
					"DEBUG=1",
					"$(inherited)",
				);
				INFOPLIST_FILE = urchinTests/Info.plist;
				LD_RUNPATH_SEARCH_PATHS = "$(inherited) @executable_path/Frameworks @loader_path/Frameworks";
				PRODUCT_NAME = "$(TARGET_NAME)";
				TEST_HOST = "$(BUILT_PRODUCTS_DIR)/urchin.app/urchin";
			};
			name = Debug;
		};
		AABCEFA81B3231910064FE49 /* Release */ = {
			isa = XCBuildConfiguration;
			buildSettings = {
				BUNDLE_LOADER = "$(TEST_HOST)";
				FRAMEWORK_SEARCH_PATHS = (
					"$(SDKROOT)/Developer/Library/Frameworks",
					"$(inherited)",
				);
				INFOPLIST_FILE = urchinTests/Info.plist;
				LD_RUNPATH_SEARCH_PATHS = "$(inherited) @executable_path/Frameworks @loader_path/Frameworks";
				PRODUCT_NAME = "$(TARGET_NAME)";
				TEST_HOST = "$(BUILT_PRODUCTS_DIR)/urchin.app/urchin";
			};
			name = Release;
		};
/* End XCBuildConfiguration section */

/* Begin XCConfigurationList section */
		AABCEF7F1B3231910064FE49 /* Build configuration list for PBXProject "urchin" */ = {
			isa = XCConfigurationList;
			buildConfigurations = (
				AABCEFA11B3231910064FE49 /* Debug */,
				AABCEFA21B3231910064FE49 /* Release */,
			);
			defaultConfigurationIsVisible = 0;
			defaultConfigurationName = Release;
		};
		AABCEFA31B3231910064FE49 /* Build configuration list for PBXNativeTarget "urchin" */ = {
			isa = XCConfigurationList;
			buildConfigurations = (
				AABCEFA41B3231910064FE49 /* Debug */,
				AABCEFA51B3231910064FE49 /* Release */,
			);
			defaultConfigurationIsVisible = 0;
			defaultConfigurationName = Release;
		};
		AABCEFA61B3231910064FE49 /* Build configuration list for PBXNativeTarget "urchinTests" */ = {
			isa = XCConfigurationList;
			buildConfigurations = (
				AABCEFA71B3231910064FE49 /* Debug */,
				AABCEFA81B3231910064FE49 /* Release */,
			);
			defaultConfigurationIsVisible = 0;
			defaultConfigurationName = Release;
		};
/* End XCConfigurationList section */
	};
	rootObject = AABCEF7C1B3231910064FE49 /* Project object */;
}
