// !$*UTF8*$!
{
	archiveVersion = 1;
	classes = {
	};
	objectVersion = 46;
	objects = {

/* Begin PBXBuildFile section */
		489A98D91CAC31E400A2F4A0 /* HealthKitConfiguration.swift in Sources */ = {isa = PBXBuildFile; fileRef = 489A98D81CAC31E400A2F4A0 /* HealthKitConfiguration.swift */; };
		489A98DA1CAC3F5F00A2F4A0 /* HealthKitConfiguration.swift in Sources */ = {isa = PBXBuildFile; fileRef = 489A98D81CAC31E400A2F4A0 /* HealthKitConfiguration.swift */; };
		48E4A4431BEE5879001A7B35 /* Reachability.swift in Sources */ = {isa = PBXBuildFile; fileRef = 48E4A4421BEE5879001A7B35 /* Reachability.swift */; };
		48E4A4441BEE5879001A7B35 /* Reachability.swift in Sources */ = {isa = PBXBuildFile; fileRef = 48E4A4421BEE5879001A7B35 /* Reachability.swift */; };
		4D01F7971C88D7D8006ABE5E /* LogFormatter.swift in Sources */ = {isa = PBXBuildFile; fileRef = 4D01F7961C88D7D8006ABE5E /* LogFormatter.swift */; };
		4D01F7981C88D809006ABE5E /* LogFormatter.swift in Sources */ = {isa = PBXBuildFile; fileRef = 4D01F7961C88D7D8006ABE5E /* LogFormatter.swift */; };
		4D47CD7D1C18EC4C00AAA8A9 /* HealthKit.framework in Frameworks */ = {isa = PBXBuildFile; fileRef = 4D47CD7C1C18EC4C00AAA8A9 /* HealthKit.framework */; };
		4D53181A1CA71E750072CCD6 /* main.swift in Sources */ = {isa = PBXBuildFile; fileRef = 4D5318191CA71E750072CCD6 /* main.swift */; };
		4D53181B1CA71E7A0072CCD6 /* main.swift in Sources */ = {isa = PBXBuildFile; fileRef = 4D5318191CA71E750072CCD6 /* main.swift */; };
		4D68DCBA1CEA5017006A388B /* Logger.swift in Sources */ = {isa = PBXBuildFile; fileRef = 4D68DCB91CEA5017006A388B /* Logger.swift */; };
		4D68DCBB1CEA51F0006A388B /* Logger.swift in Sources */ = {isa = PBXBuildFile; fileRef = 4D68DCB91CEA5017006A388B /* Logger.swift */; };
		4D9135431C8F164A00BE2090 /* HealthKitDataUploader.swift in Sources */ = {isa = PBXBuildFile; fileRef = 4D9135421C8F164A00BE2090 /* HealthKitDataUploader.swift */; };
		4D9135441C8F1ADB00BE2090 /* HealthKitDataUploader.swift in Sources */ = {isa = PBXBuildFile; fileRef = 4D9135421C8F164A00BE2090 /* HealthKitDataUploader.swift */; };
		4DAB1FA21CDD03B500F700FB /* NSDateExtension.swift in Sources */ = {isa = PBXBuildFile; fileRef = 4DAB1FA11CDD03B500F700FB /* NSDateExtension.swift */; };
		4DAB1FA31CDD0ECD00F700FB /* NSDateExtension.swift in Sources */ = {isa = PBXBuildFile; fileRef = 4DAB1FA11CDD03B500F700FB /* NSDateExtension.swift */; };
		4DB754021CEBBF8900DD0991 /* ConnectToHealthCelebrationViewController.swift in Sources */ = {isa = PBXBuildFile; fileRef = 4DB754011CEBBF8900DD0991 /* ConnectToHealthCelebrationViewController.swift */; };
		4DB754031CEBC02700DD0991 /* ConnectToHealthCelebrationViewController.swift in Sources */ = {isa = PBXBuildFile; fileRef = 4DB754011CEBBF8900DD0991 /* ConnectToHealthCelebrationViewController.swift */; };
		4DB754071CEC0B0900DD0991 /* celebration-animated-dots.gif in Resources */ = {isa = PBXBuildFile; fileRef = 4DB754041CEC0B0900DD0991 /* celebration-animated-dots.gif */; };
		4DB754081CEC0B0900DD0991 /* celebration-arc@2x.png in Resources */ = {isa = PBXBuildFile; fileRef = 4DB754051CEC0B0900DD0991 /* celebration-arc@2x.png */; };
		4DB754091CEC0B0900DD0991 /* celebration-arc.png in Resources */ = {isa = PBXBuildFile; fileRef = 4DB754061CEC0B0900DD0991 /* celebration-arc.png */; };
		4DB7540A1CEC0B1900DD0991 /* celebration-arc@2x.png in Resources */ = {isa = PBXBuildFile; fileRef = 4DB754051CEC0B0900DD0991 /* celebration-arc@2x.png */; };
		4DB7540B1CEC0B1C00DD0991 /* celebration-animated-dots.gif in Resources */ = {isa = PBXBuildFile; fileRef = 4DB754041CEC0B0900DD0991 /* celebration-animated-dots.gif */; };
		4DB7540C1CEC0B1F00DD0991 /* celebration-arc.png in Resources */ = {isa = PBXBuildFile; fileRef = 4DB754061CEC0B0900DD0991 /* celebration-arc.png */; };
		4DBC534D1C30A9230062FDEA /* HealthKitManager.swift in Sources */ = {isa = PBXBuildFile; fileRef = 4DBC53491C30A9230062FDEA /* HealthKitManager.swift */; };
		4DBC534F1C30B3F30062FDEA /* HealthKitManager.swift in Sources */ = {isa = PBXBuildFile; fileRef = 4DBC53491C30A9230062FDEA /* HealthKitManager.swift */; };
		AA03FB8A1B5848FD001B9435 /* APIConnect.swift in Sources */ = {isa = PBXBuildFile; fileRef = AA03FB891B5848FD001B9435 /* APIConnect.swift */; };
		AA3484F01B559EA10028C49B /* HashtagsView.swift in Sources */ = {isa = PBXBuildFile; fileRef = AA3484EF1B559EA10028C49B /* HashtagsView.swift */; };
		AA3484F41B56AED20028C49B /* UIDateFormatterExtension.swift in Sources */ = {isa = PBXBuildFile; fileRef = AA3484F31B56AED20028C49B /* UIDateFormatterExtension.swift */; };
		AA3652C21B33847A001F514D /* User.swift in Sources */ = {isa = PBXBuildFile; fileRef = AA3652C11B33847A001F514D /* User.swift */; };
		AA3652C41B338525001F514D /* NotesViewController.swift in Sources */ = {isa = PBXBuildFile; fileRef = AA3652C31B338525001F514D /* NotesViewController.swift */; };
		AA3652CC1B34A163001F514D /* Patient.swift in Sources */ = {isa = PBXBuildFile; fileRef = AA3652CB1B34A163001F514D /* Patient.swift */; };
		AA3652CE1B34A8E4001F514D /* UserDropDownCell.swift in Sources */ = {isa = PBXBuildFile; fileRef = AA3652CD1B34A8E4001F514D /* UserDropDownCell.swift */; };
		AA54DBBF1B596DE7005F8448 /* LoadingView.swift in Sources */ = {isa = PBXBuildFile; fileRef = AA54DBBE1B596DE7005F8448 /* LoadingView.swift */; };
		AA66BA791B4C292400CCB008 /* down.png in Resources */ = {isa = PBXBuildFile; fileRef = AA66BA771B4C292400CCB008 /* down.png */; };
		AA66BA7A1B4C292400CCB008 /* down@2x.png in Resources */ = {isa = PBXBuildFile; fileRef = AA66BA781B4C292400CCB008 /* down@2x.png */; };
		AA66BA7D1B4C2D5500CCB008 /* right.png in Resources */ = {isa = PBXBuildFile; fileRef = AA66BA7B1B4C2D5500CCB008 /* right.png */; };
		AA66BA7E1B4C2D5500CCB008 /* right@2x.png in Resources */ = {isa = PBXBuildFile; fileRef = AA66BA7C1B4C2D5500CCB008 /* right@2x.png */; };
		AA66BA851B4C40FD00CCB008 /* OpenSans-Bold.ttf in Resources */ = {isa = PBXBuildFile; fileRef = AA66BA831B4C40FD00CCB008 /* OpenSans-Bold.ttf */; };
		AA66BA8A1B4C426E00CCB008 /* OpenSans-Regular.ttf in Resources */ = {isa = PBXBuildFile; fileRef = AA66BA891B4C426E00CCB008 /* OpenSans-Regular.ttf */; };
		AA66BA8D1B4C695400CCB008 /* notesicon.png in Resources */ = {isa = PBXBuildFile; fileRef = AA66BA8B1B4C695400CCB008 /* notesicon.png */; };
		AA66BA8E1B4C695400CCB008 /* notesicon@2x.png in Resources */ = {isa = PBXBuildFile; fileRef = AA66BA8C1B4C695400CCB008 /* notesicon@2x.png */; };
		AA66BA931B4C7CC400CCB008 /* checked.png in Resources */ = {isa = PBXBuildFile; fileRef = AA66BA8F1B4C7CC400CCB008 /* checked.png */; };
		AA66BA941B4C7CC400CCB008 /* checked@2x.png in Resources */ = {isa = PBXBuildFile; fileRef = AA66BA901B4C7CC400CCB008 /* checked@2x.png */; };
		AA66BA951B4C7CC400CCB008 /* unchecked.png in Resources */ = {isa = PBXBuildFile; fileRef = AA66BA911B4C7CC400CCB008 /* unchecked.png */; };
		AA66BA961B4C7CC400CCB008 /* unchecked@2x.png in Resources */ = {isa = PBXBuildFile; fileRef = AA66BA921B4C7CC400CCB008 /* unchecked@2x.png */; };
		AA6931EB1B66CBDA0057F0A0 /* HashtagsScrollView.swift in Sources */ = {isa = PBXBuildFile; fileRef = AA6931EA1B66CBDA0057F0A0 /* HashtagsScrollView.swift */; };
		AA6931EC1B66D4E90057F0A0 /* HashtagsScrollView.swift in Sources */ = {isa = PBXBuildFile; fileRef = AA6931EA1B66CBDA0057F0A0 /* HashtagsScrollView.swift */; };
		AA6932001B66E5450057F0A0 /* AddNoteVCTextViewDelegate.swift in Sources */ = {isa = PBXBuildFile; fileRef = AA6931FF1B66E5450057F0A0 /* AddNoteVCTextViewDelegate.swift */; };
		AA6932011B66E5910057F0A0 /* AddNoteVCTextViewDelegate.swift in Sources */ = {isa = PBXBuildFile; fileRef = AA6931FF1B66E5450057F0A0 /* AddNoteVCTextViewDelegate.swift */; };
		AA6932031B66E5FB0057F0A0 /* AddNoteVCTableViewDataSource.swift in Sources */ = {isa = PBXBuildFile; fileRef = AA6932021B66E5FB0057F0A0 /* AddNoteVCTableViewDataSource.swift */; };
		AA6932041B66E6210057F0A0 /* AddNoteVCTableViewDataSource.swift in Sources */ = {isa = PBXBuildFile; fileRef = AA6932021B66E5FB0057F0A0 /* AddNoteVCTableViewDataSource.swift */; };
		AA6932061B66E6B60057F0A0 /* AddNoteVCTableViewDelegate.swift in Sources */ = {isa = PBXBuildFile; fileRef = AA6932051B66E6B60057F0A0 /* AddNoteVCTableViewDelegate.swift */; };
		AA6932071B66E6D30057F0A0 /* AddNoteVCTableViewDelegate.swift in Sources */ = {isa = PBXBuildFile; fileRef = AA6932051B66E6B60057F0A0 /* AddNoteVCTableViewDelegate.swift */; };
		AA6932141B66EE0C0057F0A0 /* ConstantsAndStyle.swift in Sources */ = {isa = PBXBuildFile; fileRef = AA6932131B66EE0C0057F0A0 /* ConstantsAndStyle.swift */; };
		AA6932151B66FAC00057F0A0 /* ConstantsAndStyle.swift in Sources */ = {isa = PBXBuildFile; fileRef = AA6932131B66EE0C0057F0A0 /* ConstantsAndStyle.swift */; };
		AA698EED1B545A07004154E0 /* EditNoteViewController.swift in Sources */ = {isa = PBXBuildFile; fileRef = AA698EEC1B545A07004154E0 /* EditNoteViewController.swift */; };
		AA6A7D7A1B62B1A4008215D8 /* apiConnectorTests.swift in Sources */ = {isa = PBXBuildFile; fileRef = AA6A7D791B62B1A4008215D8 /* apiConnectorTests.swift */; };
		AA6AF8EF1B5EA2AC0011F246 /* HashtagBolder.swift in Sources */ = {isa = PBXBuildFile; fileRef = AAA3F3121B508384000EB344 /* HashtagBolder.swift */; };
		AA6AF8F11B5EA81F0011F246 /* dateFormatterExtensionTests.swift in Sources */ = {isa = PBXBuildFile; fileRef = AA6AF8F01B5EA81F0011F246 /* dateFormatterExtensionTests.swift */; };
		AA6AF8F21B5EA8920011F246 /* UIDateFormatterExtension.swift in Sources */ = {isa = PBXBuildFile; fileRef = AA3484F31B56AED20028C49B /* UIDateFormatterExtension.swift */; };
		AA79201A1B62A9070046038B /* APIConnect.swift in Sources */ = {isa = PBXBuildFile; fileRef = AA03FB891B5848FD001B9435 /* APIConnect.swift */; };
		AA79201B1B62AB2B0046038B /* Note.swift in Sources */ = {isa = PBXBuildFile; fileRef = AABCEFAD1B3234360064FE49 /* Note.swift */; };
		AA79201C1B62AB2F0046038B /* User.swift in Sources */ = {isa = PBXBuildFile; fileRef = AA3652C11B33847A001F514D /* User.swift */; };
		AA79201D1B62AB330046038B /* Patient.swift in Sources */ = {isa = PBXBuildFile; fileRef = AA3652CB1B34A163001F514D /* Patient.swift */; };
		AA79201E1B62AB430046038B /* LoginViewController.swift in Sources */ = {isa = PBXBuildFile; fileRef = AA993E2F1B3316C10027804C /* LoginViewController.swift */; };
		AA79201F1B62AB470046038B /* NotesViewController.swift in Sources */ = {isa = PBXBuildFile; fileRef = AA3652C31B338525001F514D /* NotesViewController.swift */; };
		AA7920201B62AB560046038B /* AddNoteViewController.swift in Sources */ = {isa = PBXBuildFile; fileRef = AA8300FF1B4D986300F8ADE6 /* AddNoteViewController.swift */; };
		AA7920211B62AB5A0046038B /* EditNoteViewController.swift in Sources */ = {isa = PBXBuildFile; fileRef = AA698EEC1B545A07004154E0 /* EditNoteViewController.swift */; };
		AA7920221B62AB5F0046038B /* HashtagsView.swift in Sources */ = {isa = PBXBuildFile; fileRef = AA3484EF1B559EA10028C49B /* HashtagsView.swift */; };
		AA7920231B62AB630046038B /* LoadingView.swift in Sources */ = {isa = PBXBuildFile; fileRef = AA54DBBE1B596DE7005F8448 /* LoadingView.swift */; };
		AA7920241B62AB760046038B /* UserDropDownCell.swift in Sources */ = {isa = PBXBuildFile; fileRef = AA3652CD1B34A8E4001F514D /* UserDropDownCell.swift */; };
		AA7920251B62AB790046038B /* NoteCell.swift in Sources */ = {isa = PBXBuildFile; fileRef = AABCEFAB1B3232C60064FE49 /* NoteCell.swift */; };
		AA7920271B62AB920046038B /* FadeAnimator.swift in Sources */ = {isa = PBXBuildFile; fileRef = AAB6B0521B605C440051472C /* FadeAnimator.swift */; };
		AA7920281B62AB9D0046038B /* AppDelegate.swift in Sources */ = {isa = PBXBuildFile; fileRef = AABCEF891B3231910064FE49 /* AppDelegate.swift */; };
		AA829BB91B7409E500DFEBA0 /* UrchinData.xcdatamodeld in Sources */ = {isa = PBXBuildFile; fileRef = AA829BB71B7409E500DFEBA0 /* UrchinData.xcdatamodeld */; };
		AA8301001B4D986300F8ADE6 /* AddNoteViewController.swift in Sources */ = {isa = PBXBuildFile; fileRef = AA8300FF1B4D986300F8ADE6 /* AddNoteViewController.swift */; };
		AA8301031B4DB4A400F8ADE6 /* closex.png in Resources */ = {isa = PBXBuildFile; fileRef = AA8301011B4DB4A400F8ADE6 /* closex.png */; };
		AA8301041B4DB4A400F8ADE6 /* closex@2x.png in Resources */ = {isa = PBXBuildFile; fileRef = AA8301021B4DB4A400F8ADE6 /* closex@2x.png */; };
		AA993E301B3316C10027804C /* LoginViewController.swift in Sources */ = {isa = PBXBuildFile; fileRef = AA993E2F1B3316C10027804C /* LoginViewController.swift */; };
		AAA3F3131B508384000EB344 /* HashtagBolder.swift in Sources */ = {isa = PBXBuildFile; fileRef = AAA3F3121B508384000EB344 /* HashtagBolder.swift */; };
		AAB6B0531B605C440051472C /* FadeAnimator.swift in Sources */ = {isa = PBXBuildFile; fileRef = AAB6B0521B605C440051472C /* FadeAnimator.swift */; };
		AAB95BA01B682E5200912D83 /* OpenSans-Bold.ttf in Resources */ = {isa = PBXBuildFile; fileRef = AA66BA831B4C40FD00CCB008 /* OpenSans-Bold.ttf */; };
		AAB95BA11B682E5600912D83 /* OpenSans-Regular.ttf in Resources */ = {isa = PBXBuildFile; fileRef = AA66BA891B4C426E00CCB008 /* OpenSans-Regular.ttf */; };
		AAB95BA21B682E6300912D83 /* closex.png in Resources */ = {isa = PBXBuildFile; fileRef = AA8301011B4DB4A400F8ADE6 /* closex.png */; };
		AAB95BA31B682E6300912D83 /* closex@2x.png in Resources */ = {isa = PBXBuildFile; fileRef = AA8301021B4DB4A400F8ADE6 /* closex@2x.png */; };
		AAB95BA41B682E6300912D83 /* down.png in Resources */ = {isa = PBXBuildFile; fileRef = AA66BA771B4C292400CCB008 /* down.png */; };
		AAB95BA51B682E6300912D83 /* down@2x.png in Resources */ = {isa = PBXBuildFile; fileRef = AA66BA781B4C292400CCB008 /* down@2x.png */; };
		AAB95BA61B682E6300912D83 /* right.png in Resources */ = {isa = PBXBuildFile; fileRef = AA66BA7B1B4C2D5500CCB008 /* right.png */; };
		AAB95BA71B682E6300912D83 /* right@2x.png in Resources */ = {isa = PBXBuildFile; fileRef = AA66BA7C1B4C2D5500CCB008 /* right@2x.png */; };
		AAB95BA81B682E6300912D83 /* note.png in Resources */ = {isa = PBXBuildFile; fileRef = AAE778A21B4B408F00949CEE /* note.png */; };
		AAB95BA91B682E6300912D83 /* note@2x.png in Resources */ = {isa = PBXBuildFile; fileRef = AAE778A31B4B408F00949CEE /* note@2x.png */; };
		AAB95BAA1B682E6300912D83 /* tidepoollogo.png in Resources */ = {isa = PBXBuildFile; fileRef = AACE31971B4AE17700F90E1D /* tidepoollogo.png */; };
		AAB95BAB1B682E6300912D83 /* notesicon.png in Resources */ = {isa = PBXBuildFile; fileRef = AA66BA8B1B4C695400CCB008 /* notesicon.png */; };
		AAB95BAC1B682E6300912D83 /* notesicon@2x.png in Resources */ = {isa = PBXBuildFile; fileRef = AA66BA8C1B4C695400CCB008 /* notesicon@2x.png */; };
		AAB95BAD1B682E6300912D83 /* checked.png in Resources */ = {isa = PBXBuildFile; fileRef = AA66BA8F1B4C7CC400CCB008 /* checked.png */; };
		AAB95BAE1B682E6300912D83 /* checked@2x.png in Resources */ = {isa = PBXBuildFile; fileRef = AA66BA901B4C7CC400CCB008 /* checked@2x.png */; };
		AAB95BAF1B682E6300912D83 /* unchecked.png in Resources */ = {isa = PBXBuildFile; fileRef = AA66BA911B4C7CC400CCB008 /* unchecked.png */; };
		AAB95BB01B682E6300912D83 /* unchecked@2x.png in Resources */ = {isa = PBXBuildFile; fileRef = AA66BA921B4C7CC400CCB008 /* unchecked@2x.png */; };
		AAB95BB11B682E6300912D83 /* location.png in Resources */ = {isa = PBXBuildFile; fileRef = AADECC761B4F34AA0043E888 /* location.png */; };
		AAB95BB21B682E6300912D83 /* location@2x.png in Resources */ = {isa = PBXBuildFile; fileRef = AADECC771B4F34AA0043E888 /* location@2x.png */; };
		AAB95BB31B682E6300912D83 /* camera.png in Resources */ = {isa = PBXBuildFile; fileRef = AADECC781B4F34AA0043E888 /* camera.png */; };
		AAB95BB41B682E6300912D83 /* camera@2x.png in Resources */ = {isa = PBXBuildFile; fileRef = AADECC791B4F34AA0043E888 /* camera@2x.png */; };
		AABCEF8A1B3231910064FE49 /* AppDelegate.swift in Sources */ = {isa = PBXBuildFile; fileRef = AABCEF891B3231910064FE49 /* AppDelegate.swift */; };
		AABCEF8F1B3231910064FE49 /* Main.storyboard in Resources */ = {isa = PBXBuildFile; fileRef = AABCEF8D1B3231910064FE49 /* Main.storyboard */; };
		AABCEF911B3231910064FE49 /* Images.xcassets in Resources */ = {isa = PBXBuildFile; fileRef = AABCEF901B3231910064FE49 /* Images.xcassets */; };
		AABCEF941B3231910064FE49 /* LaunchScreen.xib in Resources */ = {isa = PBXBuildFile; fileRef = AABCEF921B3231910064FE49 /* LaunchScreen.xib */; };
		AABCEFA01B3231910064FE49 /* hashtagBolderTests.swift in Sources */ = {isa = PBXBuildFile; fileRef = AABCEF9F1B3231910064FE49 /* hashtagBolderTests.swift */; };
		AABCEFAC1B3232C60064FE49 /* NoteCell.swift in Sources */ = {isa = PBXBuildFile; fileRef = AABCEFAB1B3232C60064FE49 /* NoteCell.swift */; };
		AABCEFAE1B3234360064FE49 /* Note.swift in Sources */ = {isa = PBXBuildFile; fileRef = AABCEFAD1B3234360064FE49 /* Note.swift */; };
		AACC18081B7A6E2500EA6425 /* OpenSans-Semibold.ttf in Resources */ = {isa = PBXBuildFile; fileRef = AACC18071B7A6E2500EA6425 /* OpenSans-Semibold.ttf */; };
		AACC18091B7A6E2500EA6425 /* OpenSans-Semibold.ttf in Resources */ = {isa = PBXBuildFile; fileRef = AACC18071B7A6E2500EA6425 /* OpenSans-Semibold.ttf */; };
		AACE31981B4AE17700F90E1D /* tidepoollogo.png in Resources */ = {isa = PBXBuildFile; fileRef = AACE31971B4AE17700F90E1D /* tidepoollogo.png */; };
		AADECC7A1B4F34AA0043E888 /* location.png in Resources */ = {isa = PBXBuildFile; fileRef = AADECC761B4F34AA0043E888 /* location.png */; };
		AADECC7B1B4F34AA0043E888 /* location@2x.png in Resources */ = {isa = PBXBuildFile; fileRef = AADECC771B4F34AA0043E888 /* location@2x.png */; };
		AADECC7C1B4F34AA0043E888 /* camera.png in Resources */ = {isa = PBXBuildFile; fileRef = AADECC781B4F34AA0043E888 /* camera.png */; };
		AADECC7D1B4F34AA0043E888 /* camera@2x.png in Resources */ = {isa = PBXBuildFile; fileRef = AADECC791B4F34AA0043E888 /* camera@2x.png */; };
		AAE778A41B4B408F00949CEE /* note.png in Resources */ = {isa = PBXBuildFile; fileRef = AAE778A21B4B408F00949CEE /* note.png */; };
		AAE778A51B4B408F00949CEE /* note@2x.png in Resources */ = {isa = PBXBuildFile; fileRef = AAE778A31B4B408F00949CEE /* note@2x.png */; };
		AAFBE7DE1B69814B007E480D /* UIApplicationExtension.swift in Sources */ = {isa = PBXBuildFile; fileRef = AAFBE7DD1B69814B007E480D /* UIApplicationExtension.swift */; };
		AAFBE7DF1B698229007E480D /* UIApplicationExtension.swift in Sources */ = {isa = PBXBuildFile; fileRef = AAFBE7DD1B69814B007E480D /* UIApplicationExtension.swift */; };
		AC9866148634B72B97B4B8FB /* Pods_urchinTests.framework in Frameworks */ = {isa = PBXBuildFile; fileRef = 92E7D795B176FAC800CA8CA9 /* Pods_urchinTests.framework */; };
		E7E305F1462CC8EEE84B62B5 /* Pods_urchin.framework in Frameworks */ = {isa = PBXBuildFile; fileRef = E6DFA4ED519BA00A2A7A5667 /* Pods_urchin.framework */; };
/* End PBXBuildFile section */

/* Begin PBXContainerItemProxy section */
		AABCEF9A1B3231910064FE49 /* PBXContainerItemProxy */ = {
			isa = PBXContainerItemProxy;
			containerPortal = AABCEF7C1B3231910064FE49 /* Project object */;
			proxyType = 1;
			remoteGlobalIDString = AABCEF831B3231910064FE49;
			remoteInfo = urchin;
		};
/* End PBXContainerItemProxy section */

/* Begin PBXFileReference section */
		3CBC42BABB0DC09AD9454918 /* Pods-urchin.debug.xcconfig */ = {isa = PBXFileReference; includeInIndex = 1; lastKnownFileType = text.xcconfig; name = "Pods-urchin.debug.xcconfig"; path = "Pods/Target Support Files/Pods-urchin/Pods-urchin.debug.xcconfig"; sourceTree = "<group>"; };
		489A98D81CAC31E400A2F4A0 /* HealthKitConfiguration.swift */ = {isa = PBXFileReference; fileEncoding = 4; lastKnownFileType = sourcecode.swift; name = HealthKitConfiguration.swift; path = Urchin/HealthKit/HealthKitConfiguration.swift; sourceTree = SOURCE_ROOT; };
		48E4A4421BEE5879001A7B35 /* Reachability.swift */ = {isa = PBXFileReference; fileEncoding = 4; lastKnownFileType = sourcecode.swift; path = Reachability.swift; sourceTree = "<group>"; };
		4D01F7961C88D7D8006ABE5E /* LogFormatter.swift */ = {isa = PBXFileReference; fileEncoding = 4; lastKnownFileType = sourcecode.swift; name = LogFormatter.swift; path = Urchin/LogFormatter.swift; sourceTree = SOURCE_ROOT; };
		4D47CD7B1C18EC4C00AAA8A9 /* urchin.entitlements */ = {isa = PBXFileReference; lastKnownFileType = text.xml; path = urchin.entitlements; sourceTree = "<group>"; };
		4D47CD7C1C18EC4C00AAA8A9 /* HealthKit.framework */ = {isa = PBXFileReference; lastKnownFileType = wrapper.framework; name = HealthKit.framework; path = System/Library/Frameworks/HealthKit.framework; sourceTree = SDKROOT; };
		4D5318191CA71E750072CCD6 /* main.swift */ = {isa = PBXFileReference; fileEncoding = 4; lastKnownFileType = sourcecode.swift; name = main.swift; path = Urchin/main.swift; sourceTree = SOURCE_ROOT; };
		4D68DCB91CEA5017006A388B /* Logger.swift */ = {isa = PBXFileReference; fileEncoding = 4; lastKnownFileType = sourcecode.swift; name = Logger.swift; path = Urchin/Logger.swift; sourceTree = SOURCE_ROOT; };
		4D9135421C8F164A00BE2090 /* HealthKitDataUploader.swift */ = {isa = PBXFileReference; fileEncoding = 4; lastKnownFileType = sourcecode.swift; lineEnding = 0; name = HealthKitDataUploader.swift; path = Urchin/HealthKit/HealthKitDataUploader.swift; sourceTree = SOURCE_ROOT; xcLanguageSpecificationIdentifier = xcode.lang.swift; };
		4DAB1FA11CDD03B500F700FB /* NSDateExtension.swift */ = {isa = PBXFileReference; fileEncoding = 4; lastKnownFileType = sourcecode.swift; name = NSDateExtension.swift; path = Urchin/NSDateExtension.swift; sourceTree = SOURCE_ROOT; };
		4DB754011CEBBF8900DD0991 /* ConnectToHealthCelebrationViewController.swift */ = {isa = PBXFileReference; fileEncoding = 4; lastKnownFileType = sourcecode.swift; name = ConnectToHealthCelebrationViewController.swift; path = Urchin/ConnectToHealthCelebrationViewController.swift; sourceTree = SOURCE_ROOT; };
		4DB754041CEC0B0900DD0991 /* celebration-animated-dots.gif */ = {isa = PBXFileReference; lastKnownFileType = image.gif; name = "celebration-animated-dots.gif"; path = "Urchin/celebration-animated-dots.gif"; sourceTree = SOURCE_ROOT; };
		4DB754051CEC0B0900DD0991 /* celebration-arc@2x.png */ = {isa = PBXFileReference; lastKnownFileType = image.png; name = "celebration-arc@2x.png"; path = "Urchin/celebration-arc@2x.png"; sourceTree = SOURCE_ROOT; };
		4DB754061CEC0B0900DD0991 /* celebration-arc.png */ = {isa = PBXFileReference; lastKnownFileType = image.png; name = "celebration-arc.png"; path = "Urchin/celebration-arc.png"; sourceTree = SOURCE_ROOT; };
		4DBC53491C30A9230062FDEA /* HealthKitManager.swift */ = {isa = PBXFileReference; fileEncoding = 4; lastKnownFileType = sourcecode.swift; name = HealthKitManager.swift; path = Urchin/HealthKit/HealthKitManager.swift; sourceTree = SOURCE_ROOT; };
		92E7D795B176FAC800CA8CA9 /* Pods_urchinTests.framework */ = {isa = PBXFileReference; explicitFileType = wrapper.framework; includeInIndex = 0; path = Pods_urchinTests.framework; sourceTree = BUILT_PRODUCTS_DIR; };
		9485591FB1EE6D91767F0C5A /* Pods-urchinTests.release.xcconfig */ = {isa = PBXFileReference; includeInIndex = 1; lastKnownFileType = text.xcconfig; name = "Pods-urchinTests.release.xcconfig"; path = "Pods/Target Support Files/Pods-urchinTests/Pods-urchinTests.release.xcconfig"; sourceTree = "<group>"; };
		AA03FB891B5848FD001B9435 /* APIConnect.swift */ = {isa = PBXFileReference; fileEncoding = 4; lastKnownFileType = sourcecode.swift; path = APIConnect.swift; sourceTree = "<group>"; };
		AA3484EF1B559EA10028C49B /* HashtagsView.swift */ = {isa = PBXFileReference; fileEncoding = 4; lastKnownFileType = sourcecode.swift; path = HashtagsView.swift; sourceTree = "<group>"; };
		AA3484F31B56AED20028C49B /* UIDateFormatterExtension.swift */ = {isa = PBXFileReference; fileEncoding = 4; lastKnownFileType = sourcecode.swift; path = UIDateFormatterExtension.swift; sourceTree = "<group>"; };
		AA3652C11B33847A001F514D /* User.swift */ = {isa = PBXFileReference; fileEncoding = 4; lastKnownFileType = sourcecode.swift; path = User.swift; sourceTree = "<group>"; };
		AA3652C31B338525001F514D /* NotesViewController.swift */ = {isa = PBXFileReference; fileEncoding = 4; lastKnownFileType = sourcecode.swift; path = NotesViewController.swift; sourceTree = "<group>"; };
		AA3652CB1B34A163001F514D /* Patient.swift */ = {isa = PBXFileReference; fileEncoding = 4; lastKnownFileType = sourcecode.swift; path = Patient.swift; sourceTree = "<group>"; };
		AA3652CD1B34A8E4001F514D /* UserDropDownCell.swift */ = {isa = PBXFileReference; fileEncoding = 4; lastKnownFileType = sourcecode.swift; lineEnding = 0; path = UserDropDownCell.swift; sourceTree = "<group>"; xcLanguageSpecificationIdentifier = xcode.lang.swift; };
		AA4184FB1B74307700EE53C3 /* UrchinData_2.xcdatamodel */ = {isa = PBXFileReference; lastKnownFileType = wrapper.xcdatamodel; path = UrchinData_2.xcdatamodel; sourceTree = "<group>"; };
		AA54DBBE1B596DE7005F8448 /* LoadingView.swift */ = {isa = PBXFileReference; fileEncoding = 4; lastKnownFileType = sourcecode.swift; path = LoadingView.swift; sourceTree = "<group>"; };
		AA66BA771B4C292400CCB008 /* down.png */ = {isa = PBXFileReference; lastKnownFileType = image.png; path = down.png; sourceTree = "<group>"; };
		AA66BA781B4C292400CCB008 /* down@2x.png */ = {isa = PBXFileReference; lastKnownFileType = image.png; path = "down@2x.png"; sourceTree = "<group>"; };
		AA66BA7B1B4C2D5500CCB008 /* right.png */ = {isa = PBXFileReference; lastKnownFileType = image.png; path = right.png; sourceTree = "<group>"; };
		AA66BA7C1B4C2D5500CCB008 /* right@2x.png */ = {isa = PBXFileReference; lastKnownFileType = image.png; path = "right@2x.png"; sourceTree = "<group>"; };
		AA66BA831B4C40FD00CCB008 /* OpenSans-Bold.ttf */ = {isa = PBXFileReference; lastKnownFileType = file; path = "OpenSans-Bold.ttf"; sourceTree = "<group>"; };
		AA66BA891B4C426E00CCB008 /* OpenSans-Regular.ttf */ = {isa = PBXFileReference; lastKnownFileType = file; path = "OpenSans-Regular.ttf"; sourceTree = "<group>"; };
		AA66BA8B1B4C695400CCB008 /* notesicon.png */ = {isa = PBXFileReference; lastKnownFileType = image.png; path = notesicon.png; sourceTree = "<group>"; };
		AA66BA8C1B4C695400CCB008 /* notesicon@2x.png */ = {isa = PBXFileReference; lastKnownFileType = image.png; path = "notesicon@2x.png"; sourceTree = "<group>"; };
		AA66BA8F1B4C7CC400CCB008 /* checked.png */ = {isa = PBXFileReference; lastKnownFileType = image.png; path = checked.png; sourceTree = "<group>"; };
		AA66BA901B4C7CC400CCB008 /* checked@2x.png */ = {isa = PBXFileReference; lastKnownFileType = image.png; path = "checked@2x.png"; sourceTree = "<group>"; };
		AA66BA911B4C7CC400CCB008 /* unchecked.png */ = {isa = PBXFileReference; lastKnownFileType = image.png; path = unchecked.png; sourceTree = "<group>"; };
		AA66BA921B4C7CC400CCB008 /* unchecked@2x.png */ = {isa = PBXFileReference; lastKnownFileType = image.png; path = "unchecked@2x.png"; sourceTree = "<group>"; };
		AA6931EA1B66CBDA0057F0A0 /* HashtagsScrollView.swift */ = {isa = PBXFileReference; fileEncoding = 4; lastKnownFileType = sourcecode.swift; path = HashtagsScrollView.swift; sourceTree = "<group>"; };
		AA6931FF1B66E5450057F0A0 /* AddNoteVCTextViewDelegate.swift */ = {isa = PBXFileReference; fileEncoding = 4; lastKnownFileType = sourcecode.swift; path = AddNoteVCTextViewDelegate.swift; sourceTree = "<group>"; };
		AA6932021B66E5FB0057F0A0 /* AddNoteVCTableViewDataSource.swift */ = {isa = PBXFileReference; fileEncoding = 4; lastKnownFileType = sourcecode.swift; path = AddNoteVCTableViewDataSource.swift; sourceTree = "<group>"; };
		AA6932051B66E6B60057F0A0 /* AddNoteVCTableViewDelegate.swift */ = {isa = PBXFileReference; fileEncoding = 4; lastKnownFileType = sourcecode.swift; path = AddNoteVCTableViewDelegate.swift; sourceTree = "<group>"; };
		AA6932131B66EE0C0057F0A0 /* ConstantsAndStyle.swift */ = {isa = PBXFileReference; fileEncoding = 4; lastKnownFileType = sourcecode.swift; path = ConstantsAndStyle.swift; sourceTree = "<group>"; };
		AA698EEC1B545A07004154E0 /* EditNoteViewController.swift */ = {isa = PBXFileReference; fileEncoding = 4; lastKnownFileType = sourcecode.swift; path = EditNoteViewController.swift; sourceTree = "<group>"; };
		AA6A7D791B62B1A4008215D8 /* apiConnectorTests.swift */ = {isa = PBXFileReference; fileEncoding = 4; lastKnownFileType = sourcecode.swift; path = apiConnectorTests.swift; sourceTree = "<group>"; };
		AA6AF8F01B5EA81F0011F246 /* dateFormatterExtensionTests.swift */ = {isa = PBXFileReference; fileEncoding = 4; lastKnownFileType = sourcecode.swift; path = dateFormatterExtensionTests.swift; sourceTree = "<group>"; };
		AA829BB81B7409E500DFEBA0 /* UrchinData.xcdatamodel */ = {isa = PBXFileReference; lastKnownFileType = wrapper.xcdatamodel; path = UrchinData.xcdatamodel; sourceTree = "<group>"; };
		AA8300FF1B4D986300F8ADE6 /* AddNoteViewController.swift */ = {isa = PBXFileReference; fileEncoding = 4; lastKnownFileType = sourcecode.swift; path = AddNoteViewController.swift; sourceTree = "<group>"; };
		AA8301011B4DB4A400F8ADE6 /* closex.png */ = {isa = PBXFileReference; lastKnownFileType = image.png; path = closex.png; sourceTree = "<group>"; };
		AA8301021B4DB4A400F8ADE6 /* closex@2x.png */ = {isa = PBXFileReference; lastKnownFileType = image.png; path = "closex@2x.png"; sourceTree = "<group>"; };
		AA993E2F1B3316C10027804C /* LoginViewController.swift */ = {isa = PBXFileReference; fileEncoding = 4; lastKnownFileType = sourcecode.swift; path = LoginViewController.swift; sourceTree = "<group>"; };
		AAA3F3121B508384000EB344 /* HashtagBolder.swift */ = {isa = PBXFileReference; fileEncoding = 4; lastKnownFileType = sourcecode.swift; path = HashtagBolder.swift; sourceTree = "<group>"; };
		AAB6B0521B605C440051472C /* FadeAnimator.swift */ = {isa = PBXFileReference; fileEncoding = 4; lastKnownFileType = sourcecode.swift; path = FadeAnimator.swift; sourceTree = "<group>"; };
		AABCEF841B3231910064FE49 /* urchin.app */ = {isa = PBXFileReference; explicitFileType = wrapper.application; includeInIndex = 0; path = urchin.app; sourceTree = BUILT_PRODUCTS_DIR; };
		AABCEF881B3231910064FE49 /* Info.plist */ = {isa = PBXFileReference; lastKnownFileType = text.plist.xml; path = Info.plist; sourceTree = "<group>"; };
		AABCEF891B3231910064FE49 /* AppDelegate.swift */ = {isa = PBXFileReference; lastKnownFileType = sourcecode.swift; path = AppDelegate.swift; sourceTree = "<group>"; };
		AABCEF8E1B3231910064FE49 /* Base */ = {isa = PBXFileReference; lastKnownFileType = file.storyboard; name = Base; path = Base.lproj/Main.storyboard; sourceTree = "<group>"; };
		AABCEF901B3231910064FE49 /* Images.xcassets */ = {isa = PBXFileReference; lastKnownFileType = folder.assetcatalog; path = Images.xcassets; sourceTree = "<group>"; };
		AABCEF931B3231910064FE49 /* Base */ = {isa = PBXFileReference; lastKnownFileType = file.xib; name = Base; path = Base.lproj/LaunchScreen.xib; sourceTree = "<group>"; };
		AABCEF991B3231910064FE49 /* urchinTests.xctest */ = {isa = PBXFileReference; explicitFileType = wrapper.cfbundle; includeInIndex = 0; path = urchinTests.xctest; sourceTree = BUILT_PRODUCTS_DIR; };
		AABCEF9E1B3231910064FE49 /* Info.plist */ = {isa = PBXFileReference; lastKnownFileType = text.plist.xml; path = Info.plist; sourceTree = "<group>"; };
		AABCEF9F1B3231910064FE49 /* hashtagBolderTests.swift */ = {isa = PBXFileReference; lastKnownFileType = sourcecode.swift; path = hashtagBolderTests.swift; sourceTree = "<group>"; };
		AABCEFAB1B3232C60064FE49 /* NoteCell.swift */ = {isa = PBXFileReference; fileEncoding = 4; lastKnownFileType = sourcecode.swift; path = NoteCell.swift; sourceTree = "<group>"; };
		AABCEFAD1B3234360064FE49 /* Note.swift */ = {isa = PBXFileReference; fileEncoding = 4; lastKnownFileType = sourcecode.swift; path = Note.swift; sourceTree = "<group>"; };
		AACC18071B7A6E2500EA6425 /* OpenSans-Semibold.ttf */ = {isa = PBXFileReference; lastKnownFileType = file; path = "OpenSans-Semibold.ttf"; sourceTree = "<group>"; };
		AACE31971B4AE17700F90E1D /* tidepoollogo.png */ = {isa = PBXFileReference; lastKnownFileType = image.png; path = tidepoollogo.png; sourceTree = "<group>"; };
		AADECC761B4F34AA0043E888 /* location.png */ = {isa = PBXFileReference; lastKnownFileType = image.png; path = location.png; sourceTree = "<group>"; };
		AADECC771B4F34AA0043E888 /* location@2x.png */ = {isa = PBXFileReference; lastKnownFileType = image.png; path = "location@2x.png"; sourceTree = "<group>"; };
		AADECC781B4F34AA0043E888 /* camera.png */ = {isa = PBXFileReference; lastKnownFileType = image.png; path = camera.png; sourceTree = "<group>"; };
		AADECC791B4F34AA0043E888 /* camera@2x.png */ = {isa = PBXFileReference; lastKnownFileType = image.png; path = "camera@2x.png"; sourceTree = "<group>"; };
		AAE778A21B4B408F00949CEE /* note.png */ = {isa = PBXFileReference; lastKnownFileType = image.png; path = note.png; sourceTree = "<group>"; };
		AAE778A31B4B408F00949CEE /* note@2x.png */ = {isa = PBXFileReference; lastKnownFileType = image.png; path = "note@2x.png"; sourceTree = "<group>"; };
		AAFBE7DD1B69814B007E480D /* UIApplicationExtension.swift */ = {isa = PBXFileReference; fileEncoding = 4; lastKnownFileType = sourcecode.swift; path = UIApplicationExtension.swift; sourceTree = "<group>"; };
		AF48E6DCE06AD1511120EDC3 /* Pods-urchin.release.xcconfig */ = {isa = PBXFileReference; includeInIndex = 1; lastKnownFileType = text.xcconfig; name = "Pods-urchin.release.xcconfig"; path = "Pods/Target Support Files/Pods-urchin/Pods-urchin.release.xcconfig"; sourceTree = "<group>"; };
		B68E90E9C8ED3E38B80AC1F5 /* Pods-urchinTests.debug.xcconfig */ = {isa = PBXFileReference; includeInIndex = 1; lastKnownFileType = text.xcconfig; name = "Pods-urchinTests.debug.xcconfig"; path = "Pods/Target Support Files/Pods-urchinTests/Pods-urchinTests.debug.xcconfig"; sourceTree = "<group>"; };
		E6DFA4ED519BA00A2A7A5667 /* Pods_urchin.framework */ = {isa = PBXFileReference; explicitFileType = wrapper.framework; includeInIndex = 0; path = Pods_urchin.framework; sourceTree = BUILT_PRODUCTS_DIR; };
/* End PBXFileReference section */

/* Begin PBXFrameworksBuildPhase section */
		AABCEF811B3231910064FE49 /* Frameworks */ = {
			isa = PBXFrameworksBuildPhase;
			buildActionMask = 2147483647;
			files = (
				4D47CD7D1C18EC4C00AAA8A9 /* HealthKit.framework in Frameworks */,
				E7E305F1462CC8EEE84B62B5 /* Pods_urchin.framework in Frameworks */,
			);
			runOnlyForDeploymentPostprocessing = 0;
		};
		AABCEF961B3231910064FE49 /* Frameworks */ = {
			isa = PBXFrameworksBuildPhase;
			buildActionMask = 2147483647;
			files = (
				AC9866148634B72B97B4B8FB /* Pods_urchinTests.framework in Frameworks */,
			);
			runOnlyForDeploymentPostprocessing = 0;
		};
/* End PBXFrameworksBuildPhase section */

/* Begin PBXGroup section */
		4D68DCBC1CEA5BC8006A388B /* Logging */ = {
			isa = PBXGroup;
			children = (
				4D01F7961C88D7D8006ABE5E /* LogFormatter.swift */,
				4D68DCB91CEA5017006A388B /* Logger.swift */,
			);
			name = Logging;
			sourceTree = "<group>";
		};
		4DBC53461C30A6E00062FDEA /* HealthKit */ = {
			isa = PBXGroup;
			children = (
				4D9135421C8F164A00BE2090 /* HealthKitDataUploader.swift */,
				4DBC53491C30A9230062FDEA /* HealthKitManager.swift */,
				489A98D81CAC31E400A2F4A0 /* HealthKitConfiguration.swift */,
			);
			name = HealthKit;
			sourceTree = "<group>";
		};
		AA03FB881B5848CD001B9435 /* API */ = {
			isa = PBXGroup;
			children = (
				AA03FB891B5848FD001B9435 /* APIConnect.swift */,
				48E4A4421BEE5879001A7B35 /* Reachability.swift */,
			);
			name = API;
			sourceTree = "<group>";
		};
		AA08280B1B5D7AC80016A7A3 /* Core Data */ = {
			isa = PBXGroup;
			children = (
				AA829BB71B7409E500DFEBA0 /* UrchinData.xcdatamodeld */,
			);
			name = "Core Data";
			sourceTree = "<group>";
		};
		AA3484F11B559EAB0028C49B /* Views */ = {
			isa = PBXGroup;
			children = (
				AA6931E91B66CBBE0057F0A0 /* HashtagsView */,
				AA54DBBE1B596DE7005F8448 /* LoadingView.swift */,
			);
			name = Views;
			sourceTree = "<group>";
		};
		AA3484F21B56AEBE0028C49B /* Extensions */ = {
			isa = PBXGroup;
			children = (
				AAB6B0521B605C440051472C /* FadeAnimator.swift */,
				AAA3F3121B508384000EB344 /* HashtagBolder.swift */,
				4DAB1FA11CDD03B500F700FB /* NSDateExtension.swift */,
				AAFBE7DD1B69814B007E480D /* UIApplicationExtension.swift */,
				AA3484F31B56AED20028C49B /* UIDateFormatterExtension.swift */,
			);
			name = Extensions;
			sourceTree = "<group>";
		};
		AA66BA7F1B4C3E4B00CCB008 /* Images */ = {
			isa = PBXGroup;
			children = (
				AA8301011B4DB4A400F8ADE6 /* closex.png */,
				AA8301021B4DB4A400F8ADE6 /* closex@2x.png */,
				AA66BA771B4C292400CCB008 /* down.png */,
				AA66BA781B4C292400CCB008 /* down@2x.png */,
				AA66BA7B1B4C2D5500CCB008 /* right.png */,
				AA66BA7C1B4C2D5500CCB008 /* right@2x.png */,
				AAE778A21B4B408F00949CEE /* note.png */,
				AAE778A31B4B408F00949CEE /* note@2x.png */,
				AACE31971B4AE17700F90E1D /* tidepoollogo.png */,
				AA66BA8B1B4C695400CCB008 /* notesicon.png */,
				AA66BA8C1B4C695400CCB008 /* notesicon@2x.png */,
				AA66BA8F1B4C7CC400CCB008 /* checked.png */,
				AA66BA901B4C7CC400CCB008 /* checked@2x.png */,
				AA66BA911B4C7CC400CCB008 /* unchecked.png */,
				AA66BA921B4C7CC400CCB008 /* unchecked@2x.png */,
				AADECC761B4F34AA0043E888 /* location.png */,
				AADECC771B4F34AA0043E888 /* location@2x.png */,
				AADECC781B4F34AA0043E888 /* camera.png */,
				AADECC791B4F34AA0043E888 /* camera@2x.png */,
				4DB754041CEC0B0900DD0991 /* celebration-animated-dots.gif */,
				4DB754051CEC0B0900DD0991 /* celebration-arc@2x.png */,
				4DB754061CEC0B0900DD0991 /* celebration-arc.png */,
			);
			name = Images;
			sourceTree = "<group>";
		};
		AA66BA801B4C3E5300CCB008 /* Fonts */ = {
			isa = PBXGroup;
			children = (
				AA66BA831B4C40FD00CCB008 /* OpenSans-Bold.ttf */,
				AACC18071B7A6E2500EA6425 /* OpenSans-Semibold.ttf */,
				AA66BA891B4C426E00CCB008 /* OpenSans-Regular.ttf */,
			);
			name = Fonts;
			sourceTree = "<group>";
		};
		AA6931E91B66CBBE0057F0A0 /* HashtagsView */ = {
			isa = PBXGroup;
			children = (
				AA3484EF1B559EA10028C49B /* HashtagsView.swift */,
				AA6931EA1B66CBDA0057F0A0 /* HashtagsScrollView.swift */,
			);
			name = HashtagsView;
			sourceTree = "<group>";
		};
		AA6931FD1B66E5280057F0A0 /* AddNoteVC */ = {
			isa = PBXGroup;
			children = (
				AA8300FF1B4D986300F8ADE6 /* AddNoteViewController.swift */,
				AA6931FE1B66E5300057F0A0 /* Extensions */,
			);
			name = AddNoteVC;
			sourceTree = "<group>";
		};
		AA6931FE1B66E5300057F0A0 /* Extensions */ = {
			isa = PBXGroup;
			children = (
				AA6931FF1B66E5450057F0A0 /* AddNoteVCTextViewDelegate.swift */,
				AA6932051B66E6B60057F0A0 /* AddNoteVCTableViewDelegate.swift */,
				AA6932021B66E5FB0057F0A0 /* AddNoteVCTableViewDataSource.swift */,
			);
			name = Extensions;
			sourceTree = "<group>";
		};
		AABCEF7B1B3231910064FE49 = {
			isa = PBXGroup;
			children = (
				AABCEF861B3231910064FE49 /* urchin */,
				AABCEF9C1B3231910064FE49 /* urchinTests */,
				AABCEF851B3231910064FE49 /* Products */,
				CDA52DF66D30C54C71E7D727 /* Pods */,
				D229E2E1EC74F7AC0E3C54DF /* Frameworks */,
			);
			sourceTree = "<group>";
		};
		AABCEF851B3231910064FE49 /* Products */ = {
			isa = PBXGroup;
			children = (
				AABCEF841B3231910064FE49 /* urchin.app */,
				AABCEF991B3231910064FE49 /* urchinTests.xctest */,
			);
			name = Products;
			sourceTree = "<group>";
		};
		AABCEF861B3231910064FE49 /* urchin */ = {
			isa = PBXGroup;
			children = (
				4D47CD7B1C18EC4C00AAA8A9 /* urchin.entitlements */,
				4D5318191CA71E750072CCD6 /* main.swift */,
				AABCEF891B3231910064FE49 /* AppDelegate.swift */,
				AABCEF8D1B3231910064FE49 /* Main.storyboard */,
				AABCEF921B3231910064FE49 /* LaunchScreen.xib */,
				AABCEF901B3231910064FE49 /* Images.xcassets */,
				4D68DCBC1CEA5BC8006A388B /* Logging */,
				AA03FB881B5848CD001B9435 /* API */,
				4DBC53461C30A6E00062FDEA /* HealthKit */,
				AA08280B1B5D7AC80016A7A3 /* Core Data */,
				AABCEF871B3231910064FE49 /* Supporting Files */,
				AAEFB1651B5049FC000EF8B4 /* Data */,
				AAEFB1661B504A08000EF8B4 /* Custom Cells */,
				AA3484F11B559EAB0028C49B /* Views */,
				AAEFB1671B504A15000EF8B4 /* View Controllers */,
				AACE31961B4AE15D00F90E1D /* Resources */,
				AA3484F21B56AEBE0028C49B /* Extensions */,
			);
			path = urchin;
			sourceTree = "<group>";
		};
		AABCEF871B3231910064FE49 /* Supporting Files */ = {
			isa = PBXGroup;
			children = (
				AABCEF881B3231910064FE49 /* Info.plist */,
			);
			name = "Supporting Files";
			sourceTree = "<group>";
		};
		AABCEF9C1B3231910064FE49 /* urchinTests */ = {
			isa = PBXGroup;
			children = (
				AA6A7D791B62B1A4008215D8 /* apiConnectorTests.swift */,
				AA6AF8F01B5EA81F0011F246 /* dateFormatterExtensionTests.swift */,
				AABCEF9F1B3231910064FE49 /* hashtagBolderTests.swift */,
				AABCEF9D1B3231910064FE49 /* Supporting Files */,
			);
			path = urchinTests;
			sourceTree = "<group>";
		};
		AABCEF9D1B3231910064FE49 /* Supporting Files */ = {
			isa = PBXGroup;
			children = (
				AABCEF9E1B3231910064FE49 /* Info.plist */,
			);
			name = "Supporting Files";
			sourceTree = "<group>";
		};
		AACE31961B4AE15D00F90E1D /* Resources */ = {
			isa = PBXGroup;
			children = (
				AA6932131B66EE0C0057F0A0 /* ConstantsAndStyle.swift */,
				AA66BA801B4C3E5300CCB008 /* Fonts */,
				AA66BA7F1B4C3E4B00CCB008 /* Images */,
			);
			name = Resources;
			sourceTree = "<group>";
		};
		AAEFB1651B5049FC000EF8B4 /* Data */ = {
			isa = PBXGroup;
			children = (
				AABCEFAD1B3234360064FE49 /* Note.swift */,
				AA3652C11B33847A001F514D /* User.swift */,
				AA3652CB1B34A163001F514D /* Patient.swift */,
			);
			name = Data;
			sourceTree = "<group>";
		};
		AAEFB1661B504A08000EF8B4 /* Custom Cells */ = {
			isa = PBXGroup;
			children = (
				AA3652CD1B34A8E4001F514D /* UserDropDownCell.swift */,
				AABCEFAB1B3232C60064FE49 /* NoteCell.swift */,
			);
			name = "Custom Cells";
			sourceTree = "<group>";
		};
		AAEFB1671B504A15000EF8B4 /* View Controllers */ = {
			isa = PBXGroup;
			children = (
				AA6931FD1B66E5280057F0A0 /* AddNoteVC */,
				4DB754011CEBBF8900DD0991 /* ConnectToHealthCelebrationViewController.swift */,
				AA698EEC1B545A07004154E0 /* EditNoteViewController.swift */,
				AA993E2F1B3316C10027804C /* LoginViewController.swift */,
				AA3652C31B338525001F514D /* NotesViewController.swift */,
			);
			name = "View Controllers";
			sourceTree = "<group>";
		};
		CDA52DF66D30C54C71E7D727 /* Pods */ = {
			isa = PBXGroup;
			children = (
				3CBC42BABB0DC09AD9454918 /* Pods-urchin.debug.xcconfig */,
				AF48E6DCE06AD1511120EDC3 /* Pods-urchin.release.xcconfig */,
				B68E90E9C8ED3E38B80AC1F5 /* Pods-urchinTests.debug.xcconfig */,
				9485591FB1EE6D91767F0C5A /* Pods-urchinTests.release.xcconfig */,
			);
			name = Pods;
			sourceTree = "<group>";
		};
		D229E2E1EC74F7AC0E3C54DF /* Frameworks */ = {
			isa = PBXGroup;
			children = (
				4D47CD7C1C18EC4C00AAA8A9 /* HealthKit.framework */,
				E6DFA4ED519BA00A2A7A5667 /* Pods_urchin.framework */,
				92E7D795B176FAC800CA8CA9 /* Pods_urchinTests.framework */,
			);
			name = Frameworks;
			sourceTree = "<group>";
		};
/* End PBXGroup section */

/* Begin PBXNativeTarget section */
		AABCEF831B3231910064FE49 /* urchin */ = {
			isa = PBXNativeTarget;
			buildConfigurationList = AABCEFA31B3231910064FE49 /* Build configuration list for PBXNativeTarget "urchin" */;
			buildPhases = (
				9CB72E59EFD8321B815EE0A8 /* Check Pods Manifest.lock */,
				AABCEF801B3231910064FE49 /* Sources */,
				AABCEF811B3231910064FE49 /* Frameworks */,
				AABCEF821B3231910064FE49 /* Resources */,
				AA3774C51B56D1BF0032C5BD /* ShellScript */,
				CE06B2924D94D4473AB1E33F /* Embed Pods Frameworks */,
				42079E97CE3C38688FA53890 /* Copy Pods Resources */,
			);
			buildRules = (
			);
			dependencies = (
			);
			name = urchin;
			productName = urchin;
			productReference = AABCEF841B3231910064FE49 /* urchin.app */;
			productType = "com.apple.product-type.application";
		};
		AABCEF981B3231910064FE49 /* urchinTests */ = {
			isa = PBXNativeTarget;
			buildConfigurationList = AABCEFA61B3231910064FE49 /* Build configuration list for PBXNativeTarget "urchinTests" */;
			buildPhases = (
				B58F5C532AC3D18C5D5FA3E6 /* Check Pods Manifest.lock */,
				AABCEF951B3231910064FE49 /* Sources */,
				AABCEF961B3231910064FE49 /* Frameworks */,
				AABCEF971B3231910064FE49 /* Resources */,
				2C774779C6CC441E6644DB47 /* Embed Pods Frameworks */,
				34A8D031D5114A43AB871767 /* Copy Pods Resources */,
			);
			buildRules = (
			);
			dependencies = (
				AABCEF9B1B3231910064FE49 /* PBXTargetDependency */,
			);
			name = urchinTests;
			productName = urchinTests;
			productReference = AABCEF991B3231910064FE49 /* urchinTests.xctest */;
			productType = "com.apple.product-type.bundle.unit-test";
		};
/* End PBXNativeTarget section */

/* Begin PBXProject section */
		AABCEF7C1B3231910064FE49 /* Project object */ = {
			isa = PBXProject;
			attributes = {
				LastSwiftMigration = 0710;
				LastSwiftUpdateCheck = 0710;
				LastUpgradeCheck = 0710;
				ORGANIZATIONNAME = Tidepool;
				TargetAttributes = {
					AABCEF831B3231910064FE49 = {
						CreatedOnToolsVersion = 6.3.2;
						DevelopmentTeam = 75U4X84TEG;
						SystemCapabilities = {
							com.apple.DataProtection = {
								enabled = 1;
							};
							com.apple.HealthKit = {
								enabled = 1;
							};
						};
					};
					AABCEF981B3231910064FE49 = {
						CreatedOnToolsVersion = 6.3.2;
						TestTargetID = AABCEF831B3231910064FE49;
					};
				};
			};
			buildConfigurationList = AABCEF7F1B3231910064FE49 /* Build configuration list for PBXProject "Urchin" */;
			compatibilityVersion = "Xcode 3.2";
			developmentRegion = English;
			hasScannedForEncodings = 0;
			knownRegions = (
				en,
				Base,
			);
			mainGroup = AABCEF7B1B3231910064FE49;
			productRefGroup = AABCEF851B3231910064FE49 /* Products */;
			projectDirPath = "";
			projectRoot = "";
			targets = (
				AABCEF831B3231910064FE49 /* urchin */,
				AABCEF981B3231910064FE49 /* urchinTests */,
			);
		};
/* End PBXProject section */

/* Begin PBXResourcesBuildPhase section */
		AABCEF821B3231910064FE49 /* Resources */ = {
			isa = PBXResourcesBuildPhase;
			buildActionMask = 2147483647;
			files = (
				AA66BA931B4C7CC400CCB008 /* checked.png in Resources */,
				AABCEF8F1B3231910064FE49 /* Main.storyboard in Resources */,
				4DB754071CEC0B0900DD0991 /* celebration-animated-dots.gif in Resources */,
				AA66BA941B4C7CC400CCB008 /* checked@2x.png in Resources */,
				AA66BA961B4C7CC400CCB008 /* unchecked@2x.png in Resources */,
				AADECC7C1B4F34AA0043E888 /* camera.png in Resources */,
				AADECC7A1B4F34AA0043E888 /* location.png in Resources */,
				AA8301041B4DB4A400F8ADE6 /* closex@2x.png in Resources */,
				AA66BA7D1B4C2D5500CCB008 /* right.png in Resources */,
				4DB754081CEC0B0900DD0991 /* celebration-arc@2x.png in Resources */,
				AA66BA7A1B4C292400CCB008 /* down@2x.png in Resources */,
				AA66BA8D1B4C695400CCB008 /* notesicon.png in Resources */,
				AA66BA791B4C292400CCB008 /* down.png in Resources */,
				AADECC7D1B4F34AA0043E888 /* camera@2x.png in Resources */,
				AA66BA951B4C7CC400CCB008 /* unchecked.png in Resources */,
				AAE778A41B4B408F00949CEE /* note.png in Resources */,
				AABCEF941B3231910064FE49 /* LaunchScreen.xib in Resources */,
				AACE31981B4AE17700F90E1D /* tidepoollogo.png in Resources */,
				AAE778A51B4B408F00949CEE /* note@2x.png in Resources */,
				AADECC7B1B4F34AA0043E888 /* location@2x.png in Resources */,
				AA8301031B4DB4A400F8ADE6 /* closex.png in Resources */,
				4DB754091CEC0B0900DD0991 /* celebration-arc.png in Resources */,
				AACC18081B7A6E2500EA6425 /* OpenSans-Semibold.ttf in Resources */,
				AA66BA8E1B4C695400CCB008 /* notesicon@2x.png in Resources */,
				AA66BA8A1B4C426E00CCB008 /* OpenSans-Regular.ttf in Resources */,
				AA66BA851B4C40FD00CCB008 /* OpenSans-Bold.ttf in Resources */,
				AABCEF911B3231910064FE49 /* Images.xcassets in Resources */,
				AA66BA7E1B4C2D5500CCB008 /* right@2x.png in Resources */,
			);
			runOnlyForDeploymentPostprocessing = 0;
		};
		AABCEF971B3231910064FE49 /* Resources */ = {
			isa = PBXResourcesBuildPhase;
			buildActionMask = 2147483647;
			files = (
				4DB7540B1CEC0B1C00DD0991 /* celebration-animated-dots.gif in Resources */,
				AAB95BA31B682E6300912D83 /* closex@2x.png in Resources */,
				AAB95BA41B682E6300912D83 /* down.png in Resources */,
				4DB7540A1CEC0B1900DD0991 /* celebration-arc@2x.png in Resources */,
				AAB95BAB1B682E6300912D83 /* notesicon.png in Resources */,
				AAB95BB21B682E6300912D83 /* location@2x.png in Resources */,
				AAB95BA81B682E6300912D83 /* note.png in Resources */,
				AAB95BB11B682E6300912D83 /* location.png in Resources */,
				AAB95BA51B682E6300912D83 /* down@2x.png in Resources */,
				AAB95BAC1B682E6300912D83 /* notesicon@2x.png in Resources */,
				AAB95BA21B682E6300912D83 /* closex.png in Resources */,
				AAB95BAA1B682E6300912D83 /* tidepoollogo.png in Resources */,
				AAB95BA11B682E5600912D83 /* OpenSans-Regular.ttf in Resources */,
				4DB7540C1CEC0B1F00DD0991 /* celebration-arc.png in Resources */,
				AAB95BB41B682E6300912D83 /* camera@2x.png in Resources */,
				AACC18091B7A6E2500EA6425 /* OpenSans-Semibold.ttf in Resources */,
				AAB95BA91B682E6300912D83 /* note@2x.png in Resources */,
				AAB95BAF1B682E6300912D83 /* unchecked.png in Resources */,
				AAB95BA01B682E5200912D83 /* OpenSans-Bold.ttf in Resources */,
				AAB95BB31B682E6300912D83 /* camera.png in Resources */,
				AAB95BAE1B682E6300912D83 /* checked@2x.png in Resources */,
				AAB95BAD1B682E6300912D83 /* checked.png in Resources */,
				AAB95BA61B682E6300912D83 /* right.png in Resources */,
				AAB95BB01B682E6300912D83 /* unchecked@2x.png in Resources */,
				AAB95BA71B682E6300912D83 /* right@2x.png in Resources */,
			);
			runOnlyForDeploymentPostprocessing = 0;
		};
/* End PBXResourcesBuildPhase section */

/* Begin PBXShellScriptBuildPhase section */
		2C774779C6CC441E6644DB47 /* Embed Pods Frameworks */ = {
			isa = PBXShellScriptBuildPhase;
			buildActionMask = 2147483647;
			files = (
			);
			inputPaths = (
			);
			name = "Embed Pods Frameworks";
			outputPaths = (
			);
			runOnlyForDeploymentPostprocessing = 0;
			shellPath = /bin/sh;
			shellScript = "\"${SRCROOT}/Pods/Target Support Files/Pods-urchinTests/Pods-urchinTests-frameworks.sh\"\n";
			showEnvVarsInLog = 0;
		};
		34A8D031D5114A43AB871767 /* Copy Pods Resources */ = {
			isa = PBXShellScriptBuildPhase;
			buildActionMask = 2147483647;
			files = (
			);
			inputPaths = (
			);
			name = "Copy Pods Resources";
			outputPaths = (
			);
			runOnlyForDeploymentPostprocessing = 0;
			shellPath = /bin/sh;
			shellScript = "\"${SRCROOT}/Pods/Target Support Files/Pods-urchinTests/Pods-urchinTests-resources.sh\"\n";
			showEnvVarsInLog = 0;
		};
		42079E97CE3C38688FA53890 /* Copy Pods Resources */ = {
			isa = PBXShellScriptBuildPhase;
			buildActionMask = 2147483647;
			files = (
			);
			inputPaths = (
			);
			name = "Copy Pods Resources";
			outputPaths = (
			);
			runOnlyForDeploymentPostprocessing = 0;
			shellPath = /bin/sh;
			shellScript = "\"${SRCROOT}/Pods/Target Support Files/Pods-urchin/Pods-urchin-resources.sh\"\n";
			showEnvVarsInLog = 0;
		};
		9CB72E59EFD8321B815EE0A8 /* Check Pods Manifest.lock */ = {
			isa = PBXShellScriptBuildPhase;
			buildActionMask = 2147483647;
			files = (
			);
			inputPaths = (
			);
			name = "Check Pods Manifest.lock";
			outputPaths = (
			);
			runOnlyForDeploymentPostprocessing = 0;
			shellPath = /bin/sh;
			shellScript = "diff \"${PODS_ROOT}/../Podfile.lock\" \"${PODS_ROOT}/Manifest.lock\" > /dev/null\nif [[ $? != 0 ]] ; then\n    cat << EOM\nerror: The sandbox is not in sync with the Podfile.lock. Run 'pod install' or update your CocoaPods installation.\nEOM\n    exit 1\nfi\n";
			showEnvVarsInLog = 0;
		};
		AA3774C51B56D1BF0032C5BD /* ShellScript */ = {
			isa = PBXShellScriptBuildPhase;
			buildActionMask = 2147483647;
			files = (
			);
			inputPaths = (
			);
			outputPaths = (
			);
			runOnlyForDeploymentPostprocessing = 0;
			shellPath = /bin/sh;
			shellScript = "GIT_RELEASE_VERSION=$(git describe --tags --always --dirty)\nCOMMITS=$(git rev-list HEAD | wc -l)\nCOMMITS=$(($COMMITS))\ndefaults write \"${BUILT_PRODUCTS_DIR}/${INFOPLIST_PATH%.*}\" \"CFBundleVersion\" \"${COMMITS}\"";
		};
		B58F5C532AC3D18C5D5FA3E6 /* Check Pods Manifest.lock */ = {
			isa = PBXShellScriptBuildPhase;
			buildActionMask = 2147483647;
			files = (
			);
			inputPaths = (
			);
			name = "Check Pods Manifest.lock";
			outputPaths = (
			);
			runOnlyForDeploymentPostprocessing = 0;
			shellPath = /bin/sh;
			shellScript = "diff \"${PODS_ROOT}/../Podfile.lock\" \"${PODS_ROOT}/Manifest.lock\" > /dev/null\nif [[ $? != 0 ]] ; then\n    cat << EOM\nerror: The sandbox is not in sync with the Podfile.lock. Run 'pod install' or update your CocoaPods installation.\nEOM\n    exit 1\nfi\n";
			showEnvVarsInLog = 0;
		};
		CE06B2924D94D4473AB1E33F /* Embed Pods Frameworks */ = {
			isa = PBXShellScriptBuildPhase;
			buildActionMask = 2147483647;
			files = (
			);
			inputPaths = (
			);
			name = "Embed Pods Frameworks";
			outputPaths = (
			);
			runOnlyForDeploymentPostprocessing = 0;
			shellPath = /bin/sh;
			shellScript = "\"${SRCROOT}/Pods/Target Support Files/Pods-urchin/Pods-urchin-frameworks.sh\"\n";
			showEnvVarsInLog = 0;
		};
/* End PBXShellScriptBuildPhase section */

/* Begin PBXSourcesBuildPhase section */
		AABCEF801B3231910064FE49 /* Sources */ = {
			isa = PBXSourcesBuildPhase;
			buildActionMask = 2147483647;
			files = (
				4D68DCBA1CEA5017006A388B /* Logger.swift in Sources */,
				AA698EED1B545A07004154E0 /* EditNoteViewController.swift in Sources */,
				AAB6B0531B605C440051472C /* FadeAnimator.swift in Sources */,
				AA6932141B66EE0C0057F0A0 /* ConstantsAndStyle.swift in Sources */,
				AAA3F3131B508384000EB344 /* HashtagBolder.swift in Sources */,
				AA3484F01B559EA10028C49B /* HashtagsView.swift in Sources */,
				AA993E301B3316C10027804C /* LoginViewController.swift in Sources */,
				4DAB1FA21CDD03B500F700FB /* NSDateExtension.swift in Sources */,
				AABCEFAE1B3234360064FE49 /* Note.swift in Sources */,
				4DBC534D1C30A9230062FDEA /* HealthKitManager.swift in Sources */,
				AA6932061B66E6B60057F0A0 /* AddNoteVCTableViewDelegate.swift in Sources */,
				4DB754021CEBBF8900DD0991 /* ConnectToHealthCelebrationViewController.swift in Sources */,
				4D01F7971C88D7D8006ABE5E /* LogFormatter.swift in Sources */,
				489A98D91CAC31E400A2F4A0 /* HealthKitConfiguration.swift in Sources */,
				AA3484F41B56AED20028C49B /* UIDateFormatterExtension.swift in Sources */,
				AA6932031B66E5FB0057F0A0 /* AddNoteVCTableViewDataSource.swift in Sources */,
				AAFBE7DE1B69814B007E480D /* UIApplicationExtension.swift in Sources */,
				AA3652CC1B34A163001F514D /* Patient.swift in Sources */,
				AA829BB91B7409E500DFEBA0 /* UrchinData.xcdatamodeld in Sources */,
				48E4A4431BEE5879001A7B35 /* Reachability.swift in Sources */,
				AA6932001B66E5450057F0A0 /* AddNoteVCTextViewDelegate.swift in Sources */,
				AA03FB8A1B5848FD001B9435 /* APIConnect.swift in Sources */,
				AABCEF8A1B3231910064FE49 /* AppDelegate.swift in Sources */,
				AA3652CE1B34A8E4001F514D /* UserDropDownCell.swift in Sources */,
				AA3652C41B338525001F514D /* NotesViewController.swift in Sources */,
				4D9135431C8F164A00BE2090 /* HealthKitDataUploader.swift in Sources */,
				4D53181A1CA71E750072CCD6 /* main.swift in Sources */,
				AA8301001B4D986300F8ADE6 /* AddNoteViewController.swift in Sources */,
				AABCEFAC1B3232C60064FE49 /* NoteCell.swift in Sources */,
				AA3652C21B33847A001F514D /* User.swift in Sources */,
				AA54DBBF1B596DE7005F8448 /* LoadingView.swift in Sources */,
				AA6931EB1B66CBDA0057F0A0 /* HashtagsScrollView.swift in Sources */,
			);
			runOnlyForDeploymentPostprocessing = 0;
		};
		AABCEF951B3231910064FE49 /* Sources */ = {
			isa = PBXSourcesBuildPhase;
			buildActionMask = 2147483647;
			files = (
				AA7920211B62AB5A0046038B /* EditNoteViewController.swift in Sources */,
				4D68DCBB1CEA51F0006A388B /* Logger.swift in Sources */,
				AA7920271B62AB920046038B /* FadeAnimator.swift in Sources */,
				AA6932041B66E6210057F0A0 /* AddNoteVCTableViewDataSource.swift in Sources */,
				AA6AF8F11B5EA81F0011F246 /* dateFormatterExtensionTests.swift in Sources */,
				4DB754031CEBC02700DD0991 /* ConnectToHealthCelebrationViewController.swift in Sources */,
				AA7920251B62AB790046038B /* NoteCell.swift in Sources */,
				4D01F7981C88D809006ABE5E /* LogFormatter.swift in Sources */,
				AA6932071B66E6D30057F0A0 /* AddNoteVCTableViewDelegate.swift in Sources */,
				AA6932011B66E5910057F0A0 /* AddNoteVCTextViewDelegate.swift in Sources */,
				4DBC534F1C30B3F30062FDEA /* HealthKitManager.swift in Sources */,
				4D9135441C8F1ADB00BE2090 /* HealthKitDataUploader.swift in Sources */,
				AA79201F1B62AB470046038B /* NotesViewController.swift in Sources */,
				AAFBE7DF1B698229007E480D /* UIApplicationExtension.swift in Sources */,
				4DAB1FA31CDD0ECD00F700FB /* NSDateExtension.swift in Sources */,
				489A98DA1CAC3F5F00A2F4A0 /* HealthKitConfiguration.swift in Sources */,
				AA79201D1B62AB330046038B /* Patient.swift in Sources */,
				AA7920281B62AB9D0046038B /* AppDelegate.swift in Sources */,
				AA79201B1B62AB2B0046038B /* Note.swift in Sources */,
				AA6AF8EF1B5EA2AC0011F246 /* HashtagBolder.swift in Sources */,
				AA79201C1B62AB2F0046038B /* User.swift in Sources */,
				AA7920231B62AB630046038B /* LoadingView.swift in Sources */,
				AA6AF8F21B5EA8920011F246 /* UIDateFormatterExtension.swift in Sources */,
				AA7920201B62AB560046038B /* AddNoteViewController.swift in Sources */,
				AA6932151B66FAC00057F0A0 /* ConstantsAndStyle.swift in Sources */,
				AA6931EC1B66D4E90057F0A0 /* HashtagsScrollView.swift in Sources */,
				AABCEFA01B3231910064FE49 /* hashtagBolderTests.swift in Sources */,
				AA79201E1B62AB430046038B /* LoginViewController.swift in Sources */,
				AA7920241B62AB760046038B /* UserDropDownCell.swift in Sources */,
				AA79201A1B62A9070046038B /* APIConnect.swift in Sources */,
				4D53181B1CA71E7A0072CCD6 /* main.swift in Sources */,
				AA6A7D7A1B62B1A4008215D8 /* apiConnectorTests.swift in Sources */,
				48E4A4441BEE5879001A7B35 /* Reachability.swift in Sources */,
				AA7920221B62AB5F0046038B /* HashtagsView.swift in Sources */,
			);
			runOnlyForDeploymentPostprocessing = 0;
		};
/* End PBXSourcesBuildPhase section */

/* Begin PBXTargetDependency section */
		AABCEF9B1B3231910064FE49 /* PBXTargetDependency */ = {
			isa = PBXTargetDependency;
			target = AABCEF831B3231910064FE49 /* urchin */;
			targetProxy = AABCEF9A1B3231910064FE49 /* PBXContainerItemProxy */;
		};
/* End PBXTargetDependency section */

/* Begin PBXVariantGroup section */
		AABCEF8D1B3231910064FE49 /* Main.storyboard */ = {
			isa = PBXVariantGroup;
			children = (
				AABCEF8E1B3231910064FE49 /* Base */,
			);
			name = Main.storyboard;
			sourceTree = "<group>";
		};
		AABCEF921B3231910064FE49 /* LaunchScreen.xib */ = {
			isa = PBXVariantGroup;
			children = (
				AABCEF931B3231910064FE49 /* Base */,
			);
			name = LaunchScreen.xib;
			sourceTree = "<group>";
		};
/* End PBXVariantGroup section */

/* Begin XCBuildConfiguration section */
		AABCEFA11B3231910064FE49 /* Debug */ = {
			isa = XCBuildConfiguration;
			buildSettings = {
				ALWAYS_SEARCH_USER_PATHS = NO;
				CLANG_CXX_LANGUAGE_STANDARD = "gnu++0x";
				CLANG_CXX_LIBRARY = "libc++";
				CLANG_ENABLE_MODULES = YES;
				CLANG_ENABLE_OBJC_ARC = YES;
				CLANG_WARN_BOOL_CONVERSION = YES;
				CLANG_WARN_CONSTANT_CONVERSION = YES;
				CLANG_WARN_DIRECT_OBJC_ISA_USAGE = YES_ERROR;
				CLANG_WARN_EMPTY_BODY = YES;
				CLANG_WARN_ENUM_CONVERSION = YES;
				CLANG_WARN_INT_CONVERSION = YES;
				CLANG_WARN_OBJC_ROOT_CLASS = YES_ERROR;
				CLANG_WARN_UNREACHABLE_CODE = YES;
				CLANG_WARN__DUPLICATE_METHOD_MATCH = YES;
				"CODE_SIGN_IDENTITY[sdk=iphoneos*]" = "iPhone Developer";
				COPY_PHASE_STRIP = NO;
				DEBUG_INFORMATION_FORMAT = "dwarf-with-dsym";
				ENABLE_STRICT_OBJC_MSGSEND = YES;
				ENABLE_TESTABILITY = YES;
				GCC_C_LANGUAGE_STANDARD = gnu99;
				GCC_DYNAMIC_NO_PIC = NO;
				GCC_NO_COMMON_BLOCKS = YES;
				GCC_OPTIMIZATION_LEVEL = 0;
				GCC_PREPROCESSOR_DEFINITIONS = (
					"DEBUG=1",
					"$(inherited)",
				);
				GCC_SYMBOLS_PRIVATE_EXTERN = NO;
				GCC_WARN_64_TO_32_BIT_CONVERSION = YES;
				GCC_WARN_ABOUT_RETURN_TYPE = YES_ERROR;
				GCC_WARN_UNDECLARED_SELECTOR = YES;
				GCC_WARN_UNINITIALIZED_AUTOS = YES_AGGRESSIVE;
				GCC_WARN_UNUSED_FUNCTION = YES;
				GCC_WARN_UNUSED_VARIABLE = YES;
				IPHONEOS_DEPLOYMENT_TARGET = 9.0;
				MTL_ENABLE_DEBUG_INFO = YES;
				ONLY_ACTIVE_ARCH = YES;
				SDKROOT = iphoneos;
				SWIFT_OPTIMIZATION_LEVEL = "-Onone";
				TARGETED_DEVICE_FAMILY = "1,2";
			};
			name = Debug;
		};
		AABCEFA21B3231910064FE49 /* Release */ = {
			isa = XCBuildConfiguration;
			buildSettings = {
				ALWAYS_SEARCH_USER_PATHS = NO;
				CLANG_CXX_LANGUAGE_STANDARD = "gnu++0x";
				CLANG_CXX_LIBRARY = "libc++";
				CLANG_ENABLE_MODULES = YES;
				CLANG_ENABLE_OBJC_ARC = YES;
				CLANG_WARN_BOOL_CONVERSION = YES;
				CLANG_WARN_CONSTANT_CONVERSION = YES;
				CLANG_WARN_DIRECT_OBJC_ISA_USAGE = YES_ERROR;
				CLANG_WARN_EMPTY_BODY = YES;
				CLANG_WARN_ENUM_CONVERSION = YES;
				CLANG_WARN_INT_CONVERSION = YES;
				CLANG_WARN_OBJC_ROOT_CLASS = YES_ERROR;
				CLANG_WARN_UNREACHABLE_CODE = YES;
				CLANG_WARN__DUPLICATE_METHOD_MATCH = YES;
				"CODE_SIGN_IDENTITY[sdk=iphoneos*]" = "iPhone Developer";
				COPY_PHASE_STRIP = NO;
				DEBUG_INFORMATION_FORMAT = "dwarf-with-dsym";
				ENABLE_NS_ASSERTIONS = NO;
				ENABLE_STRICT_OBJC_MSGSEND = YES;
				GCC_C_LANGUAGE_STANDARD = gnu99;
				GCC_NO_COMMON_BLOCKS = YES;
				GCC_WARN_64_TO_32_BIT_CONVERSION = YES;
				GCC_WARN_ABOUT_RETURN_TYPE = YES_ERROR;
				GCC_WARN_UNDECLARED_SELECTOR = YES;
				GCC_WARN_UNINITIALIZED_AUTOS = YES_AGGRESSIVE;
				GCC_WARN_UNUSED_FUNCTION = YES;
				GCC_WARN_UNUSED_VARIABLE = YES;
				IPHONEOS_DEPLOYMENT_TARGET = 9.0;
				MTL_ENABLE_DEBUG_INFO = NO;
				SDKROOT = iphoneos;
				TARGETED_DEVICE_FAMILY = "1,2";
				VALIDATE_PRODUCT = YES;
			};
			name = Release;
		};
		AABCEFA41B3231910064FE49 /* Debug */ = {
			isa = XCBuildConfiguration;
			baseConfigurationReference = 3CBC42BABB0DC09AD9454918 /* Pods-urchin.debug.xcconfig */;
			buildSettings = {
				ASSETCATALOG_COMPILER_APPICON_NAME = AppIcon;
				ASSETCATALOG_COMPILER_LAUNCHIMAGE_NAME = LaunchImage;
				CLANG_ENABLE_MODULES = YES;
				CODE_SIGN_ENTITLEMENTS = urchin/urchin.entitlements;
				CODE_SIGN_IDENTITY = "iPhone Developer";
				"CODE_SIGN_IDENTITY[sdk=iphoneos*]" = "iPhone Developer";
				INFOPLIST_FILE = urchin/Info.plist;
				IPHONEOS_DEPLOYMENT_TARGET = 9.0;
				LD_RUNPATH_SEARCH_PATHS = "$(inherited) @executable_path/Frameworks";
				MACH_O_TYPE = mh_execute;
				OTHER_SWIFT_FLAGS = "$(inherited) \"-D\" \"COCOAPODS\" -DDEBUG";
				PRODUCT_BUNDLE_IDENTIFIER = org.tidepool.blipnotes;
				PRODUCT_NAME = "$(TARGET_NAME)";
				PROVISIONING_PROFILE = "";
				SWIFT_OBJC_BRIDGING_HEADER = "";
				SWIFT_OPTIMIZATION_LEVEL = "-Onone";
				SWIFT_VERSION = 2.3;
				TARGETED_DEVICE_FAMILY = 1;
			};
			name = Debug;
		};
		AABCEFA51B3231910064FE49 /* Release */ = {
			isa = XCBuildConfiguration;
			baseConfigurationReference = AF48E6DCE06AD1511120EDC3 /* Pods-urchin.release.xcconfig */;
			buildSettings = {
				ASSETCATALOG_COMPILER_APPICON_NAME = AppIcon;
				ASSETCATALOG_COMPILER_LAUNCHIMAGE_NAME = LaunchImage;
				CLANG_ENABLE_MODULES = YES;
				CODE_SIGN_ENTITLEMENTS = urchin/urchin.entitlements;
				CODE_SIGN_IDENTITY = "iPhone Developer";
				"CODE_SIGN_IDENTITY[sdk=iphoneos*]" = "iPhone Developer";
				INFOPLIST_FILE = urchin/Info.plist;
				IPHONEOS_DEPLOYMENT_TARGET = 9.0;
				LD_RUNPATH_SEARCH_PATHS = "$(inherited) @executable_path/Frameworks";
				MACH_O_TYPE = mh_execute;
				OTHER_SWIFT_FLAGS = "$(inherited) \"-D\" \"COCOAPODS\" -DRELEASE";
				PRODUCT_BUNDLE_IDENTIFIER = org.tidepool.blipnotes;
				PRODUCT_NAME = "$(TARGET_NAME)";
				PROVISIONING_PROFILE = "";
				SWIFT_OBJC_BRIDGING_HEADER = "";
				SWIFT_VERSION = 2.3;
				TARGETED_DEVICE_FAMILY = 1;
			};
			name = Release;
		};
		AABCEFA71B3231910064FE49 /* Debug */ = {
			isa = XCBuildConfiguration;
			baseConfigurationReference = B68E90E9C8ED3E38B80AC1F5 /* Pods-urchinTests.debug.xcconfig */;
			buildSettings = {
				BUNDLE_LOADER = "$(TEST_HOST)";
				FRAMEWORK_SEARCH_PATHS = "";
				GCC_PREPROCESSOR_DEFINITIONS = (
					"DEBUG=1",
					"$(inherited)",
				);
				INFOPLIST_FILE = urchinTests/Info.plist;
				LD_RUNPATH_SEARCH_PATHS = "$(inherited) @executable_path/Frameworks @loader_path/Frameworks";
				OTHER_SWIFT_FLAGS = "$(inherited) \"-D\" \"COCOAPODS\" -DDEBUG";
				PRODUCT_BUNDLE_IDENTIFIER = "org.tidepool.$(PRODUCT_NAME:rfc1034identifier)";
				PRODUCT_NAME = "$(TARGET_NAME)";
				SWIFT_OBJC_BRIDGING_HEADER = "";
				SWIFT_VERSION = 2.3;
				TEST_HOST = "$(BUILT_PRODUCTS_DIR)/urchin.app/urchin";
			};
			name = Debug;
		};
		AABCEFA81B3231910064FE49 /* Release */ = {
			isa = XCBuildConfiguration;
			baseConfigurationReference = 9485591FB1EE6D91767F0C5A /* Pods-urchinTests.release.xcconfig */;
			buildSettings = {
				BUNDLE_LOADER = "$(TEST_HOST)";
				FRAMEWORK_SEARCH_PATHS = "";
				INFOPLIST_FILE = urchinTests/Info.plist;
				LD_RUNPATH_SEARCH_PATHS = "$(inherited) @executable_path/Frameworks @loader_path/Frameworks";
				OTHER_SWIFT_FLAGS = "$(inherited) \"-D\" \"COCOAPODS\" -DRELEASE";
				PRODUCT_BUNDLE_IDENTIFIER = "org.tidepool.$(PRODUCT_NAME:rfc1034identifier)";
				PRODUCT_NAME = "$(TARGET_NAME)";
				SWIFT_OBJC_BRIDGING_HEADER = "";
				SWIFT_VERSION = 2.3;
				TEST_HOST = "$(BUILT_PRODUCTS_DIR)/urchin.app/urchin";
			};
			name = Release;
		};
/* End XCBuildConfiguration section */

/* Begin XCConfigurationList section */
		AABCEF7F1B3231910064FE49 /* Build configuration list for PBXProject "Urchin" */ = {
			isa = XCConfigurationList;
			buildConfigurations = (
				AABCEFA11B3231910064FE49 /* Debug */,
				AABCEFA21B3231910064FE49 /* Release */,
			);
			defaultConfigurationIsVisible = 0;
			defaultConfigurationName = Release;
		};
		AABCEFA31B3231910064FE49 /* Build configuration list for PBXNativeTarget "urchin" */ = {
			isa = XCConfigurationList;
			buildConfigurations = (
				AABCEFA41B3231910064FE49 /* Debug */,
				AABCEFA51B3231910064FE49 /* Release */,
			);
			defaultConfigurationIsVisible = 0;
			defaultConfigurationName = Release;
		};
		AABCEFA61B3231910064FE49 /* Build configuration list for PBXNativeTarget "urchinTests" */ = {
			isa = XCConfigurationList;
			buildConfigurations = (
				AABCEFA71B3231910064FE49 /* Debug */,
				AABCEFA81B3231910064FE49 /* Release */,
			);
			defaultConfigurationIsVisible = 0;
			defaultConfigurationName = Release;
		};
/* End XCConfigurationList section */

/* Begin XCVersionGroup section */
		AA829BB71B7409E500DFEBA0 /* UrchinData.xcdatamodeld */ = {
			isa = XCVersionGroup;
			children = (
				AA4184FB1B74307700EE53C3 /* UrchinData_2.xcdatamodel */,
				AA829BB81B7409E500DFEBA0 /* UrchinData.xcdatamodel */,
			);
			currentVersion = AA4184FB1B74307700EE53C3 /* UrchinData_2.xcdatamodel */;
			name = UrchinData.xcdatamodeld;
			path = ../UrchinData.xcdatamodeld;
			sourceTree = "<group>";
			versionGroupType = wrapper.xcdatamodel;
		};
/* End XCVersionGroup section */
	};
	rootObject = AABCEF7C1B3231910064FE49 /* Project object */;
}
